// !$*UTF8*$!
{
	archiveVersion = 1;
	classes = {
	};
	objectVersion = 56;
	objects = {

/* Begin PBXBuildFile section */
		08022E722B7846B8009F572E /* ContentViewForTV.swift in Sources */ = {isa = PBXBuildFile; fileRef = 08022E712B7846B8009F572E /* ContentViewForTV.swift */; };
		08022E752B7863E7009F572E /* ColorManager.swift in Sources */ = {isa = PBXBuildFile; fileRef = 08022E742B7863E7009F572E /* ColorManager.swift */; };
		0805D3D42A4F375100261EFE /* yekaterinburgApp.swift in Sources */ = {isa = PBXBuildFile; fileRef = 0805D3D32A4F375100261EFE /* yekaterinburgApp.swift */; };
		0805D3D62A4F375100261EFE /* macView.swift in Sources */ = {isa = PBXBuildFile; fileRef = 0805D3D52A4F375100261EFE /* macView.swift */; };
		0805D3D82A4F375300261EFE /* Assets.xcassets in Resources */ = {isa = PBXBuildFile; fileRef = 0805D3D72A4F375300261EFE /* Assets.xcassets */; };
		0805D3DC2A4F375300261EFE /* Preview Assets.xcassets in Resources */ = {isa = PBXBuildFile; fileRef = 0805D3DB2A4F375300261EFE /* Preview Assets.xcassets */; };
		0805D3E32A4F3A9000261EFE /* ContentModel.swift in Sources */ = {isa = PBXBuildFile; fileRef = 0805D3E22A4F3A9000261EFE /* ContentModel.swift */; };
		0805D3E52A4F439500261EFE /* TEST.json in Resources */ = {isa = PBXBuildFile; fileRef = 0805D3E42A4F439500261EFE /* TEST.json */; };
		0805D3E92A4F51DA00261EFE /* TeamsView.swift in Sources */ = {isa = PBXBuildFile; fileRef = 0805D3E82A4F51DA00261EFE /* TeamsView.swift */; };
		0805D3EB2A4F53D900261EFE /* ContentViewiOS.swift in Sources */ = {isa = PBXBuildFile; fileRef = 0805D3EA2A4F53D800261EFE /* ContentViewiOS.swift */; };
		0805EA0C2AD1964C00D17753 /* BaseballBoxscoreView.swift in Sources */ = {isa = PBXBuildFile; fileRef = 0805EA0B2AD1964C00D17753 /* BaseballBoxscoreView.swift */; };
		0805EA0E2AD1968F00D17753 /* SampleManager.swift in Sources */ = {isa = PBXBuildFile; fileRef = 0805EA0D2AD1968F00D17753 /* SampleManager.swift */; };
		0805EA112AD198EA00D17753 /* GameStatusView.swift in Sources */ = {isa = PBXBuildFile; fileRef = 0805EA0F2AD198EA00D17753 /* GameStatusView.swift */; };
		0805EA122AD198EA00D17753 /* FutureGameView.swift in Sources */ = {isa = PBXBuildFile; fileRef = 0805EA102AD198EA00D17753 /* FutureGameView.swift */; };
		0805EA162AD1A06800D17753 /* collegefootballdata-games.json in Resources */ = {isa = PBXBuildFile; fileRef = 0805EA152AD1A06700D17753 /* collegefootballdata-games.json */; };
		0805EA182AD1A91E00D17753 /* SettingsView.swift in Sources */ = {isa = PBXBuildFile; fileRef = 0805EA172AD1A91E00D17753 /* SettingsView.swift */; };
		0821B7B52BC97ED3004CCCB9 /* StringManager.swift in Sources */ = {isa = PBXBuildFile; fileRef = 0821B7B42BC97ED3004CCCB9 /* StringManager.swift */; };
		0821B7B62BC97ED3004CCCB9 /* StringManager.swift in Sources */ = {isa = PBXBuildFile; fileRef = 0821B7B42BC97ED3004CCCB9 /* StringManager.swift */; };
		0824166E2BDC7A2900C8E274 /* WhatsNewView.swift in Sources */ = {isa = PBXBuildFile; fileRef = 0824166D2BDC7A2900C8E274 /* WhatsNewView.swift */; };
		082964872AD8797E000B1D7B /* nhl-schedule.json in Resources */ = {isa = PBXBuildFile; fileRef = 082964862AD8797E000B1D7B /* nhl-schedule.json */; };
		082964892AD87AE9000B1D7B /* HockeyResponse.swift in Sources */ = {isa = PBXBuildFile; fileRef = 082964882AD87AE9000B1D7B /* HockeyResponse.swift */; };
		083CBCC22B8249F300D151F7 /* GeneralSecretary.swift in Sources */ = {isa = PBXBuildFile; fileRef = 08022E762B786614009F572E /* GeneralSecretary.swift */; };
		083CBCC32B8249F800D151F7 /* RohrigView.swift in Sources */ = {isa = PBXBuildFile; fileRef = 08A587862AB5F5B400BA4BE9 /* RohrigView.swift */; };
		083CBCC42B8249F800D151F7 /* ToolbarButton.swift in Sources */ = {isa = PBXBuildFile; fileRef = 08DA48F62B727E620097F36C /* ToolbarButton.swift */; };
		083CBCC52B8249F800D151F7 /* ToolbarStatus.swift in Sources */ = {isa = PBXBuildFile; fileRef = 08DA48FA2B7287140097F36C /* ToolbarStatus.swift */; };
		083CBCC62B824A2400D151F7 /* Game.swift in Sources */ = {isa = PBXBuildFile; fileRef = 08C5E8ED2AA7AEEF0000BD28 /* Game.swift */; };
		083CBCCB2B824A4E00D151F7 /* GameAdapter.swift in Sources */ = {isa = PBXBuildFile; fileRef = 08A587802AB5E15A00BA4BE9 /* GameAdapter.swift */; };
		083CBCCE2B824A5100D151F7 /* DateAdapter.swift in Sources */ = {isa = PBXBuildFile; fileRef = 08A587822AB5EAD600BA4BE9 /* DateAdapter.swift */; };
		083CBCD02B824A8500D151F7 /* NBAAPI.swift in Sources */ = {isa = PBXBuildFile; fileRef = 08D25E8F2AE6EE7F004EB8DB /* NBAAPI.swift */; };
		083CBCD52B824A8C00D151F7 /* CFDAPI.swift in Sources */ = {isa = PBXBuildFile; fileRef = 0882AF9D2AE302D800EF4E0E /* CFDAPI.swift */; };
		083CBCD62B824A8E00D151F7 /* MLBAPI.swift in Sources */ = {isa = PBXBuildFile; fileRef = 08A5878E2AB61F1800BA4BE9 /* MLBAPI.swift */; };
		083CBCDA2B824A9100D151F7 /* WorldFootballAPI.swift in Sources */ = {isa = PBXBuildFile; fileRef = 0886D3A22B8106DD00F997B1 /* WorldFootballAPI.swift */; };
		083CBCDE2B824AF000D151F7 /* StateSecretManager.swift in Sources */ = {isa = PBXBuildFile; fileRef = 0886D3A82B810AB300F997B1 /* StateSecretManager.swift */; };
		083CBCE32B824B3500D151F7 /* System1ViewModel.swift in Sources */ = {isa = PBXBuildFile; fileRef = 0850835D2B7ADE910023C4D3 /* System1ViewModel.swift */; };
		083CBCEA2B824B6100D151F7 /* HockeyResponse.swift in Sources */ = {isa = PBXBuildFile; fileRef = 082964882AD87AE9000B1D7B /* HockeyResponse.swift */; };
		083CBCED2B824B6500D151F7 /* CollegeFootballResponse.swift in Sources */ = {isa = PBXBuildFile; fileRef = 0882AF9B2AE2B14300EF4E0E /* CollegeFootballResponse.swift */; };
		083CBCF02B824B6800D151F7 /* BaseballResponse.swift in Sources */ = {isa = PBXBuildFile; fileRef = 0886D3AD2B81178F00F997B1 /* BaseballResponse.swift */; };
		083CBCF32B824B6B00D151F7 /* BasketballResponse.swift in Sources */ = {isa = PBXBuildFile; fileRef = 08D25E912AE6EF16004EB8DB /* BasketballResponse.swift */; };
		083CBCF92B824C5900D151F7 /* ImageManager.swift in Sources */ = {isa = PBXBuildFile; fileRef = 08DA48FF2B728A520097F36C /* ImageManager.swift */; };
		083CBCFC2B824D6D00D151F7 /* StoreManager.swift in Sources */ = {isa = PBXBuildFile; fileRef = 087CBB4A2B80EBDC00DDAC9D /* StoreManager.swift */; };
		083CBD002B824DB000D151F7 /* collegefootballdata-games.json in Resources */ = {isa = PBXBuildFile; fileRef = 0805EA152AD1A06700D17753 /* collegefootballdata-games.json */; };
		083CBD032B824DB500D151F7 /* nhl-schedule.json in Resources */ = {isa = PBXBuildFile; fileRef = 082964862AD8797E000B1D7B /* nhl-schedule.json */; };
		083CBD062B824DB900D151F7 /* balldontlie.json in Resources */ = {isa = PBXBuildFile; fileRef = 08D25E8D2AE6EE15004EB8DB /* balldontlie.json */; };
		083CBD0A2B824DBC00D151F7 /* football-data.json in Resources */ = {isa = PBXBuildFile; fileRef = 0886D3A42B81079200F997B1 /* football-data.json */; };
		083CBD0F2B824DC300D151F7 /* statsapi.json in Resources */ = {isa = PBXBuildFile; fileRef = 0886D3B02B811B9B00F997B1 /* statsapi.json */; };
		083CBD132B824DCA00D151F7 /* Team.json in Resources */ = {isa = PBXBuildFile; fileRef = 08D99CD02AB37FC1004C7D43 /* Team.json */; };
		083CBD172B824DCE00D151F7 /* TEST.json in Resources */ = {isa = PBXBuildFile; fileRef = 0805D3E42A4F439500261EFE /* TEST.json */; };
		083CBD1B2B824DD500D151F7 /* SCHEDULE.json in Resources */ = {isa = PBXBuildFile; fileRef = 08ECA8F62A9250C7000570A8 /* SCHEDULE.json */; };
		083CBD1F2B824FD000D151F7 /* SampleManager.swift in Sources */ = {isa = PBXBuildFile; fileRef = 0805EA0D2AD1968F00D17753 /* SampleManager.swift */; };
		083CBD282B8252A700D151F7 /* Settings.bundle in Resources */ = {isa = PBXBuildFile; fileRef = 083CBD272B8252A700D151F7 /* Settings.bundle */; };
		083CBD2A2B82578D00D151F7 /* tvView.swift in Sources */ = {isa = PBXBuildFile; fileRef = 083CBD292B82578D00D151F7 /* tvView.swift */; };
		083CBD2E2B82587100D151F7 /* DebugView.swift in Sources */ = {isa = PBXBuildFile; fileRef = 083CBD2D2B82587000D151F7 /* DebugView.swift */; };
		083CBD302B82587100D151F7 /* DebugView.swift in Sources */ = {isa = PBXBuildFile; fileRef = 083CBD2D2B82587000D151F7 /* DebugView.swift */; };
		0850835E2B7ADE910023C4D3 /* System1ViewModel.swift in Sources */ = {isa = PBXBuildFile; fileRef = 0850835D2B7ADE910023C4D3 /* System1ViewModel.swift */; };
		086649EE2ADAF7E900A71C9F /* SportCollectionMac.swift in Sources */ = {isa = PBXBuildFile; fileRef = 086649ED2ADAF7E900A71C9F /* SportCollectionMac.swift */; };
		0866CD9C2BDC33400016A039 /* WorldFootballCompetitionsResponse.swift in Sources */ = {isa = PBXBuildFile; fileRef = 08D499B42BD84E380091597F /* WorldFootballCompetitionsResponse.swift */; };
		0866CD9D2BDC33420016A039 /* WorldFootballTeamsResponse.swift in Sources */ = {isa = PBXBuildFile; fileRef = 08D499E42BD865210091597F /* WorldFootballTeamsResponse.swift */; };
		0866CD9E2BDC33440016A039 /* WorldFootballResponse.swift in Sources */ = {isa = PBXBuildFile; fileRef = 0886D3A62B8108EC00F997B1 /* WorldFootballResponse.swift */; };
		0875168B2B83E96300018712 /* EventView.swift in Sources */ = {isa = PBXBuildFile; fileRef = 0875168A2B83E96300018712 /* EventView.swift */; };
		0875168D2B83E96300018712 /* EventView.swift in Sources */ = {isa = PBXBuildFile; fileRef = 0875168A2B83E96300018712 /* EventView.swift */; };
		087C2E0E2B856FEB00AFAB34 /* teams.json in Resources */ = {isa = PBXBuildFile; fileRef = 087C2E0D2B856FEB00AFAB34 /* teams.json */; };
		087C2E102B856FEB00AFAB34 /* teams.json in Resources */ = {isa = PBXBuildFile; fileRef = 087C2E0D2B856FEB00AFAB34 /* teams.json */; };
		087C2E122B85703200AFAB34 /* BasketballTeamsResponse.swift in Sources */ = {isa = PBXBuildFile; fileRef = 087C2E112B85703200AFAB34 /* BasketballTeamsResponse.swift */; };
		087C2E142B85703200AFAB34 /* BasketballTeamsResponse.swift in Sources */ = {isa = PBXBuildFile; fileRef = 087C2E112B85703200AFAB34 /* BasketballTeamsResponse.swift */; };
		087C2E192B85731700AFAB34 /* ErrorManager.swift in Sources */ = {isa = PBXBuildFile; fileRef = 087C2E182B85731700AFAB34 /* ErrorManager.swift */; };
		087C2E1B2B85731700AFAB34 /* ErrorManager.swift in Sources */ = {isa = PBXBuildFile; fileRef = 087C2E182B85731700AFAB34 /* ErrorManager.swift */; };
		087CBB492B806B0300DDAC9D /* AddScheduledGameView.swift in Sources */ = {isa = PBXBuildFile; fileRef = 087CBB482B806B0300DDAC9D /* AddScheduledGameView.swift */; };
		087CBB4B2B80EBDD00DDAC9D /* StoreManager.swift in Sources */ = {isa = PBXBuildFile; fileRef = 087CBB4A2B80EBDC00DDAC9D /* StoreManager.swift */; };
		0882AF9C2AE2B14300EF4E0E /* CollegeFootballResponse.swift in Sources */ = {isa = PBXBuildFile; fileRef = 0882AF9B2AE2B14300EF4E0E /* CollegeFootballResponse.swift */; };
		0882AF9E2AE302D800EF4E0E /* CFDAPI.swift in Sources */ = {isa = PBXBuildFile; fileRef = 0882AF9D2AE302D800EF4E0E /* CFDAPI.swift */; };
		0886D3A32B8106DE00F997B1 /* WorldFootballAPI.swift in Sources */ = {isa = PBXBuildFile; fileRef = 0886D3A22B8106DD00F997B1 /* WorldFootballAPI.swift */; };
		0886D3A52B81079200F997B1 /* football-data.json in Resources */ = {isa = PBXBuildFile; fileRef = 0886D3A42B81079200F997B1 /* football-data.json */; };
		0886D3A72B8108EC00F997B1 /* WorldFootballResponse.swift in Sources */ = {isa = PBXBuildFile; fileRef = 0886D3A62B8108EC00F997B1 /* WorldFootballResponse.swift */; };
		0886D3A92B810AB300F997B1 /* StateSecretManager.swift in Sources */ = {isa = PBXBuildFile; fileRef = 0886D3A82B810AB300F997B1 /* StateSecretManager.swift */; };
		0886D3AE2B81178F00F997B1 /* BaseballResponse.swift in Sources */ = {isa = PBXBuildFile; fileRef = 0886D3AD2B81178F00F997B1 /* BaseballResponse.swift */; };
		0886D3B12B811B9B00F997B1 /* statsapi.json in Resources */ = {isa = PBXBuildFile; fileRef = 0886D3B02B811B9B00F997B1 /* statsapi.json */; };
		08A2B1882B86B7ED000B770F /* TeamAdapter.swift in Sources */ = {isa = PBXBuildFile; fileRef = 08A2B1872B86B7ED000B770F /* TeamAdapter.swift */; };
		08A2B18A2B86B7ED000B770F /* TeamAdapter.swift in Sources */ = {isa = PBXBuildFile; fileRef = 08A2B1872B86B7ED000B770F /* TeamAdapter.swift */; };
		08A2B1922B86DC1F000B770F /* FeatureFlagManager.swift in Sources */ = {isa = PBXBuildFile; fileRef = 08A2B1912B86DC1F000B770F /* FeatureFlagManager.swift */; };
		08A2B1932B86DC25000B770F /* FeatureFlagManager.swift in Sources */ = {isa = PBXBuildFile; fileRef = 08A2B1912B86DC1F000B770F /* FeatureFlagManager.swift */; };
		08A587812AB5E15A00BA4BE9 /* GameAdapter.swift in Sources */ = {isa = PBXBuildFile; fileRef = 08A587802AB5E15A00BA4BE9 /* GameAdapter.swift */; };
		08A587832AB5EAD600BA4BE9 /* DateAdapter.swift in Sources */ = {isa = PBXBuildFile; fileRef = 08A587822AB5EAD600BA4BE9 /* DateAdapter.swift */; };
		08A587872AB5F5B400BA4BE9 /* RohrigView.swift in Sources */ = {isa = PBXBuildFile; fileRef = 08A587862AB5F5B400BA4BE9 /* RohrigView.swift */; };
		08A5878F2AB61F1800BA4BE9 /* MLBAPI.swift in Sources */ = {isa = PBXBuildFile; fileRef = 08A5878E2AB61F1800BA4BE9 /* MLBAPI.swift */; };
		08AFEC252B813E330028A39A /* GameDetailView.swift in Sources */ = {isa = PBXBuildFile; fileRef = 08AFEC242B813E330028A39A /* GameDetailView.swift */; };
		08AFEC2D2B8182470028A39A /* YekaterinburgTVApp.swift in Sources */ = {isa = PBXBuildFile; fileRef = 08AFEC2C2B8182470028A39A /* YekaterinburgTVApp.swift */; };
		08AFEC312B8182490028A39A /* Assets.xcassets in Resources */ = {isa = PBXBuildFile; fileRef = 08AFEC302B8182490028A39A /* Assets.xcassets */; };
		08AFEC342B8182490028A39A /* Preview Assets.xcassets in Resources */ = {isa = PBXBuildFile; fileRef = 08AFEC332B8182490028A39A /* Preview Assets.xcassets */; };
		08C5E8EE2AA7AEEF0000BD28 /* Game.swift in Sources */ = {isa = PBXBuildFile; fileRef = 08C5E8ED2AA7AEEF0000BD28 /* Game.swift */; };
		08CC4A8D2B790A03008CAED1 /* GeneralSecretary.swift in Sources */ = {isa = PBXBuildFile; fileRef = 08022E762B786614009F572E /* GeneralSecretary.swift */; };
		08D25E8E2AE6EE15004EB8DB /* balldontlie.json in Resources */ = {isa = PBXBuildFile; fileRef = 08D25E8D2AE6EE15004EB8DB /* balldontlie.json */; };
		08D25E902AE6EE7F004EB8DB /* NBAAPI.swift in Sources */ = {isa = PBXBuildFile; fileRef = 08D25E8F2AE6EE7F004EB8DB /* NBAAPI.swift */; };
		08D25E922AE6EF16004EB8DB /* BasketballResponse.swift in Sources */ = {isa = PBXBuildFile; fileRef = 08D25E912AE6EF16004EB8DB /* BasketballResponse.swift */; };
		08D499B52BD84E380091597F /* WorldFootballCompetitionsResponse.swift in Sources */ = {isa = PBXBuildFile; fileRef = 08D499B42BD84E380091597F /* WorldFootballCompetitionsResponse.swift */; };
		08D499B72BD8503A0091597F /* football-data_competitions.json in Resources */ = {isa = PBXBuildFile; fileRef = 08D499B62BD8503A0091597F /* football-data_competitions.json */; };
		08D499C22BD852570091597F /* YeTests.swift in Sources */ = {isa = PBXBuildFile; fileRef = 08D499C12BD852570091597F /* YeTests.swift */; };
		08D499C82BD853040091597F /* WorldFootballCompetitionsResponse.swift in Sources */ = {isa = PBXBuildFile; fileRef = 08D499B42BD84E380091597F /* WorldFootballCompetitionsResponse.swift */; };
		08D499C92BD853060091597F /* WorldFootballResponse.swift in Sources */ = {isa = PBXBuildFile; fileRef = 0886D3A62B8108EC00F997B1 /* WorldFootballResponse.swift */; };
		08D499CA2BD853090091597F /* WorldFootballAPI.swift in Sources */ = {isa = PBXBuildFile; fileRef = 0886D3A22B8106DD00F997B1 /* WorldFootballAPI.swift */; };
		08D499CF2BD854700091597F /* StateSecretManager.swift in Sources */ = {isa = PBXBuildFile; fileRef = 0886D3A82B810AB300F997B1 /* StateSecretManager.swift */; };
		08D499D02BD8549F0091597F /* GeneralSecretary.swift in Sources */ = {isa = PBXBuildFile; fileRef = 08022E762B786614009F572E /* GeneralSecretary.swift */; };
		08D499D12BD854BF0091597F /* StoreManager.swift in Sources */ = {isa = PBXBuildFile; fileRef = 087CBB4A2B80EBDC00DDAC9D /* StoreManager.swift */; };
		08D499D22BD854CB0091597F /* ImageManager.swift in Sources */ = {isa = PBXBuildFile; fileRef = 08DA48FF2B728A520097F36C /* ImageManager.swift */; };
		08D499D32BD854D00091597F /* SampleManager.swift in Sources */ = {isa = PBXBuildFile; fileRef = 0805EA0D2AD1968F00D17753 /* SampleManager.swift */; };
		08D499D42BD854D30091597F /* ErrorManager.swift in Sources */ = {isa = PBXBuildFile; fileRef = 087C2E182B85731700AFAB34 /* ErrorManager.swift */; };
		08D499D52BD854D50091597F /* FeatureFlagManager.swift in Sources */ = {isa = PBXBuildFile; fileRef = 08A2B1912B86DC1F000B770F /* FeatureFlagManager.swift */; };
		08D499D62BD854D70091597F /* StringManager.swift in Sources */ = {isa = PBXBuildFile; fileRef = 0821B7B42BC97ED3004CCCB9 /* StringManager.swift */; };
		08D499D72BD854DA0091597F /* MLBAPI.swift in Sources */ = {isa = PBXBuildFile; fileRef = 08A5878E2AB61F1800BA4BE9 /* MLBAPI.swift */; };
		08D499D82BD854DC0091597F /* CFDAPI.swift in Sources */ = {isa = PBXBuildFile; fileRef = 0882AF9D2AE302D800EF4E0E /* CFDAPI.swift */; };
		08D499D92BD854DE0091597F /* NBAAPI.swift in Sources */ = {isa = PBXBuildFile; fileRef = 08D25E8F2AE6EE7F004EB8DB /* NBAAPI.swift */; };
		08D499DA2BD854F10091597F /* BaseballResponse.swift in Sources */ = {isa = PBXBuildFile; fileRef = 0886D3AD2B81178F00F997B1 /* BaseballResponse.swift */; };
		08D499DB2BD8550D0091597F /* Game.swift in Sources */ = {isa = PBXBuildFile; fileRef = 08C5E8ED2AA7AEEF0000BD28 /* Game.swift */; };
		08D499DC2BD855270091597F /* DateAdapter.swift in Sources */ = {isa = PBXBuildFile; fileRef = 08A587822AB5EAD600BA4BE9 /* DateAdapter.swift */; };
		08D499DD2BD855360091597F /* CollegeFootballResponse.swift in Sources */ = {isa = PBXBuildFile; fileRef = 0882AF9B2AE2B14300EF4E0E /* CollegeFootballResponse.swift */; };
		08D499DE2BD855450091597F /* QuickTypeTeam.swift in Sources */ = {isa = PBXBuildFile; fileRef = 08D99CD22AB38064004C7D43 /* QuickTypeTeam.swift */; };
		08D499DF2BD855660091597F /* BasketballTeamsResponse.swift in Sources */ = {isa = PBXBuildFile; fileRef = 087C2E112B85703200AFAB34 /* BasketballTeamsResponse.swift */; };
		08D499E02BD855690091597F /* BasketballResponse.swift in Sources */ = {isa = PBXBuildFile; fileRef = 08D25E912AE6EF16004EB8DB /* BasketballResponse.swift */; };
		08D499E12BD8556E0091597F /* HockeyResponse.swift in Sources */ = {isa = PBXBuildFile; fileRef = 082964882AD87AE9000B1D7B /* HockeyResponse.swift */; };
		08D499E32BD856F80091597F /* CompetitionsView.swift in Sources */ = {isa = PBXBuildFile; fileRef = 08D499E22BD856F80091597F /* CompetitionsView.swift */; };
		08D499E52BD865220091597F /* WorldFootballTeamsResponse.swift in Sources */ = {isa = PBXBuildFile; fileRef = 08D499E42BD865210091597F /* WorldFootballTeamsResponse.swift */; };
		08D499E62BD865220091597F /* WorldFootballTeamsResponse.swift in Sources */ = {isa = PBXBuildFile; fileRef = 08D499E42BD865210091597F /* WorldFootballTeamsResponse.swift */; };
		08D499E82BD865F10091597F /* football-data_teams.json in Resources */ = {isa = PBXBuildFile; fileRef = 08D499E72BD865F10091597F /* football-data_teams.json */; };
		08D499E92BD865F10091597F /* football-data_teams.json in Resources */ = {isa = PBXBuildFile; fileRef = 08D499E72BD865F10091597F /* football-data_teams.json */; };
		08D499EB2BDABD930091597F /* StandingsView.swift in Sources */ = {isa = PBXBuildFile; fileRef = 08D499EA2BDABD930091597F /* StandingsView.swift */; };
		08D499EE2BDABE2E0091597F /* football-data_standings.json in Resources */ = {isa = PBXBuildFile; fileRef = 08D499ED2BDABE2E0091597F /* football-data_standings.json */; };
		08D499EF2BDABE2E0091597F /* football-data_standings.json in Resources */ = {isa = PBXBuildFile; fileRef = 08D499ED2BDABE2E0091597F /* football-data_standings.json */; };
		08D499F02BDABE2E0091597F /* football-data_standings.json in Resources */ = {isa = PBXBuildFile; fileRef = 08D499ED2BDABE2E0091597F /* football-data_standings.json */; };
		08D499F32BDABF050091597F /* WorldFootballStandingsResponse.swift in Sources */ = {isa = PBXBuildFile; fileRef = 08D499F22BDABF050091597F /* WorldFootballStandingsResponse.swift */; };
		08D499F42BDABF050091597F /* WorldFootballStandingsResponse.swift in Sources */ = {isa = PBXBuildFile; fileRef = 08D499F22BDABF050091597F /* WorldFootballStandingsResponse.swift */; };
		08D499F52BDABF050091597F /* WorldFootballStandingsResponse.swift in Sources */ = {isa = PBXBuildFile; fileRef = 08D499F22BDABF050091597F /* WorldFootballStandingsResponse.swift */; };
		08D99CCF2AB37AB3004C7D43 /* Team.swift in Sources */ = {isa = PBXBuildFile; fileRef = 08D99CCE2AB37AB3004C7D43 /* Team.swift */; };
		08D99CD12AB37FC1004C7D43 /* Team.json in Resources */ = {isa = PBXBuildFile; fileRef = 08D99CD02AB37FC1004C7D43 /* Team.json */; };
		08D99CD32AB38064004C7D43 /* QuickTypeTeam.swift in Sources */ = {isa = PBXBuildFile; fileRef = 08D99CD22AB38064004C7D43 /* QuickTypeTeam.swift */; };
		08DA48F72B727E620097F36C /* ToolbarButton.swift in Sources */ = {isa = PBXBuildFile; fileRef = 08DA48F62B727E620097F36C /* ToolbarButton.swift */; };
		08DA48FB2B7287140097F36C /* ToolbarStatus.swift in Sources */ = {isa = PBXBuildFile; fileRef = 08DA48FA2B7287140097F36C /* ToolbarStatus.swift */; };
		08DA48FD2B7288BC0097F36C /* WindowManager.swift in Sources */ = {isa = PBXBuildFile; fileRef = 08DA48FC2B7288BC0097F36C /* WindowManager.swift */; };
		08DA49002B728A520097F36C /* ImageManager.swift in Sources */ = {isa = PBXBuildFile; fileRef = 08DA48FF2B728A520097F36C /* ImageManager.swift */; };
		08DB5A882AD97C00001D55B5 /* InProgressGameView.swift in Sources */ = {isa = PBXBuildFile; fileRef = 08DB5A872AD97C00001D55B5 /* InProgressGameView.swift */; };
		08E0247E2BDBF6AD00C5AB65 /* nhle-franchise.swift in Sources */ = {isa = PBXBuildFile; fileRef = 08E0247D2BDBF6AD00C5AB65 /* nhle-franchise.swift */; };
		08E0247F2BDBF6AD00C5AB65 /* nhle-franchise.swift in Sources */ = {isa = PBXBuildFile; fileRef = 08E0247D2BDBF6AD00C5AB65 /* nhle-franchise.swift */; };
		08E024802BDBF6AD00C5AB65 /* nhle-franchise.swift in Sources */ = {isa = PBXBuildFile; fileRef = 08E0247D2BDBF6AD00C5AB65 /* nhle-franchise.swift */; };
		08E024822BDBF7D100C5AB65 /* NHLAPI.swift in Sources */ = {isa = PBXBuildFile; fileRef = 08E024812BDBF7D100C5AB65 /* NHLAPI.swift */; };
		08E024832BDBF7D100C5AB65 /* NHLAPI.swift in Sources */ = {isa = PBXBuildFile; fileRef = 08E024812BDBF7D100C5AB65 /* NHLAPI.swift */; };
		08E024842BDBF7D100C5AB65 /* NHLAPI.swift in Sources */ = {isa = PBXBuildFile; fileRef = 08E024812BDBF7D100C5AB65 /* NHLAPI.swift */; };
		08E0248A2BDBFB1500C5AB65 /* nhle-franchise.json in Resources */ = {isa = PBXBuildFile; fileRef = 08E024892BDBFB1500C5AB65 /* nhle-franchise.json */; };
		08E0248B2BDBFB1500C5AB65 /* nhle-franchise.json in Resources */ = {isa = PBXBuildFile; fileRef = 08E024892BDBFB1500C5AB65 /* nhle-franchise.json */; };
		08E0248C2BDBFB1500C5AB65 /* nhle-franchise.json in Resources */ = {isa = PBXBuildFile; fileRef = 08E024892BDBFB1500C5AB65 /* nhle-franchise.json */; };
		08E0248F2BDC01B200C5AB65 /* nhle-schedule.json in Resources */ = {isa = PBXBuildFile; fileRef = 08E0248E2BDC01B200C5AB65 /* nhle-schedule.json */; };
		08E024902BDC01B200C5AB65 /* nhle-schedule.json in Resources */ = {isa = PBXBuildFile; fileRef = 08E0248E2BDC01B200C5AB65 /* nhle-schedule.json */; };
		08E024912BDC01B200C5AB65 /* nhle-schedule.json in Resources */ = {isa = PBXBuildFile; fileRef = 08E0248E2BDC01B200C5AB65 /* nhle-schedule.json */; };
		08E024932BDC025600C5AB65 /* nhle-schedule.swift in Sources */ = {isa = PBXBuildFile; fileRef = 08E024922BDC025600C5AB65 /* nhle-schedule.swift */; };
		08E024942BDC025600C5AB65 /* nhle-schedule.swift in Sources */ = {isa = PBXBuildFile; fileRef = 08E024922BDC025600C5AB65 /* nhle-schedule.swift */; };
		08E024952BDC025600C5AB65 /* nhle-schedule.swift in Sources */ = {isa = PBXBuildFile; fileRef = 08E024922BDC025600C5AB65 /* nhle-schedule.swift */; };
		08E325392BA4E30A00104E85 /* BackgroundView.swift in Sources */ = {isa = PBXBuildFile; fileRef = 08E325382BA4E30A00104E85 /* BackgroundView.swift */; };
		08E3253A2BA4ECBB00104E85 /* BackgroundView.swift in Sources */ = {isa = PBXBuildFile; fileRef = 08E325382BA4E30A00104E85 /* BackgroundView.swift */; };
		08E3253B2BA4ED6B00104E85 /* QuickTypeTeam.swift in Sources */ = {isa = PBXBuildFile; fileRef = 08D99CD22AB38064004C7D43 /* QuickTypeTeam.swift */; };
		08E3253C2BA4ED8D00104E85 /* Team.swift in Sources */ = {isa = PBXBuildFile; fileRef = 08D99CCE2AB37AB3004C7D43 /* Team.swift */; };
		08ECA8F72A9250C7000570A8 /* SCHEDULE.json in Resources */ = {isa = PBXBuildFile; fileRef = 08ECA8F62A9250C7000570A8 /* SCHEDULE.json */; };
		08F0B9592BB3785A0066102B /* MarchUpcomingGameView.swift in Sources */ = {isa = PBXBuildFile; fileRef = 08F0B9582BB3785A0066102B /* MarchUpcomingGameView.swift */; };
/* End PBXBuildFile section */

/* Begin PBXContainerItemProxy section */
		08D499C32BD852570091597F /* PBXContainerItemProxy */ = {
			isa = PBXContainerItemProxy;
			containerPortal = 0805D3C82A4F375100261EFE /* Project object */;
			proxyType = 1;
			remoteGlobalIDString = 0805D3CF2A4F375100261EFE;
			remoteInfo = yekaterinburg;
		};
/* End PBXContainerItemProxy section */

/* Begin PBXCopyFilesBuildPhase section */
		0837AF9C2A589EF900D8E989 /* Embed Foundation Extensions */ = {
			isa = PBXCopyFilesBuildPhase;
			buildActionMask = 2147483647;
			dstPath = "";
			dstSubfolderSpec = 13;
			files = (
			);
			name = "Embed Foundation Extensions";
			runOnlyForDeploymentPostprocessing = 0;
		};
/* End PBXCopyFilesBuildPhase section */

/* Begin PBXFileReference section */
		08022E712B7846B8009F572E /* ContentViewForTV.swift */ = {isa = PBXFileReference; lastKnownFileType = sourcecode.swift; path = ContentViewForTV.swift; sourceTree = "<group>"; };
		08022E742B7863E7009F572E /* ColorManager.swift */ = {isa = PBXFileReference; lastKnownFileType = sourcecode.swift; path = ColorManager.swift; sourceTree = "<group>"; };
		08022E762B786614009F572E /* GeneralSecretary.swift */ = {isa = PBXFileReference; lastKnownFileType = sourcecode.swift; path = GeneralSecretary.swift; sourceTree = "<group>"; };
		0805D3D02A4F375100261EFE /* yekaterinburg.app */ = {isa = PBXFileReference; explicitFileType = wrapper.application; includeInIndex = 0; path = yekaterinburg.app; sourceTree = BUILT_PRODUCTS_DIR; };
		0805D3D32A4F375100261EFE /* yekaterinburgApp.swift */ = {isa = PBXFileReference; lastKnownFileType = sourcecode.swift; path = yekaterinburgApp.swift; sourceTree = "<group>"; };
		0805D3D52A4F375100261EFE /* macView.swift */ = {isa = PBXFileReference; lastKnownFileType = sourcecode.swift; path = macView.swift; sourceTree = "<group>"; };
		0805D3D72A4F375300261EFE /* Assets.xcassets */ = {isa = PBXFileReference; lastKnownFileType = folder.assetcatalog; path = Assets.xcassets; sourceTree = "<group>"; };
		0805D3D92A4F375300261EFE /* yekaterinburg.entitlements */ = {isa = PBXFileReference; lastKnownFileType = text.plist.entitlements; path = yekaterinburg.entitlements; sourceTree = "<group>"; };
		0805D3DB2A4F375300261EFE /* Preview Assets.xcassets */ = {isa = PBXFileReference; lastKnownFileType = folder.assetcatalog; path = "Preview Assets.xcassets"; sourceTree = "<group>"; };
		0805D3E22A4F3A9000261EFE /* ContentModel.swift */ = {isa = PBXFileReference; lastKnownFileType = sourcecode.swift; path = ContentModel.swift; sourceTree = "<group>"; };
		0805D3E42A4F439500261EFE /* TEST.json */ = {isa = PBXFileReference; lastKnownFileType = text.json; path = TEST.json; sourceTree = "<group>"; };
		0805D3E82A4F51DA00261EFE /* TeamsView.swift */ = {isa = PBXFileReference; lastKnownFileType = sourcecode.swift; path = TeamsView.swift; sourceTree = "<group>"; };
		0805D3EA2A4F53D800261EFE /* ContentViewiOS.swift */ = {isa = PBXFileReference; lastKnownFileType = sourcecode.swift; path = ContentViewiOS.swift; sourceTree = "<group>"; };
		0805EA0B2AD1964C00D17753 /* BaseballBoxscoreView.swift */ = {isa = PBXFileReference; lastKnownFileType = sourcecode.swift; path = BaseballBoxscoreView.swift; sourceTree = "<group>"; };
		0805EA0D2AD1968F00D17753 /* SampleManager.swift */ = {isa = PBXFileReference; lastKnownFileType = sourcecode.swift; path = SampleManager.swift; sourceTree = "<group>"; };
		0805EA0F2AD198EA00D17753 /* GameStatusView.swift */ = {isa = PBXFileReference; fileEncoding = 4; lastKnownFileType = sourcecode.swift; path = GameStatusView.swift; sourceTree = "<group>"; };
		0805EA102AD198EA00D17753 /* FutureGameView.swift */ = {isa = PBXFileReference; fileEncoding = 4; lastKnownFileType = sourcecode.swift; path = FutureGameView.swift; sourceTree = "<group>"; };
		0805EA152AD1A06700D17753 /* collegefootballdata-games.json */ = {isa = PBXFileReference; lastKnownFileType = text.json; path = "collegefootballdata-games.json"; sourceTree = "<group>"; };
		0805EA172AD1A91E00D17753 /* SettingsView.swift */ = {isa = PBXFileReference; lastKnownFileType = sourcecode.swift; path = SettingsView.swift; sourceTree = "<group>"; };
		0821B7B42BC97ED3004CCCB9 /* StringManager.swift */ = {isa = PBXFileReference; lastKnownFileType = sourcecode.swift; path = StringManager.swift; sourceTree = "<group>"; };
		0824166D2BDC7A2900C8E274 /* WhatsNewView.swift */ = {isa = PBXFileReference; lastKnownFileType = sourcecode.swift; path = WhatsNewView.swift; sourceTree = "<group>"; };
		082964862AD8797E000B1D7B /* nhl-schedule.json */ = {isa = PBXFileReference; lastKnownFileType = text.json; path = "nhl-schedule.json"; sourceTree = "<group>"; };
		082964882AD87AE9000B1D7B /* HockeyResponse.swift */ = {isa = PBXFileReference; lastKnownFileType = sourcecode.swift; path = HockeyResponse.swift; sourceTree = "<group>"; };
		0837AF8E2A589EF600D8E989 /* WidgetKit.framework */ = {isa = PBXFileReference; lastKnownFileType = wrapper.framework; name = WidgetKit.framework; path = System/Library/Frameworks/WidgetKit.framework; sourceTree = SDKROOT; };
		0837AF902A589EF600D8E989 /* SwiftUI.framework */ = {isa = PBXFileReference; lastKnownFileType = wrapper.framework; name = SwiftUI.framework; path = System/Library/Frameworks/SwiftUI.framework; sourceTree = SDKROOT; };
		083CBD272B8252A700D151F7 /* Settings.bundle */ = {isa = PBXFileReference; lastKnownFileType = "wrapper.plug-in"; path = Settings.bundle; sourceTree = "<group>"; };
		083CBD292B82578D00D151F7 /* tvView.swift */ = {isa = PBXFileReference; lastKnownFileType = sourcecode.swift; path = tvView.swift; sourceTree = "<group>"; };
		083CBD2D2B82587000D151F7 /* DebugView.swift */ = {isa = PBXFileReference; lastKnownFileType = sourcecode.swift; path = DebugView.swift; sourceTree = "<group>"; };
		0850835D2B7ADE910023C4D3 /* System1ViewModel.swift */ = {isa = PBXFileReference; lastKnownFileType = sourcecode.swift; path = System1ViewModel.swift; sourceTree = "<group>"; };
		086649ED2ADAF7E900A71C9F /* SportCollectionMac.swift */ = {isa = PBXFileReference; lastKnownFileType = sourcecode.swift; path = SportCollectionMac.swift; sourceTree = "<group>"; };
		0875168A2B83E96300018712 /* EventView.swift */ = {isa = PBXFileReference; lastKnownFileType = sourcecode.swift; path = EventView.swift; sourceTree = "<group>"; };
		087C2E0D2B856FEB00AFAB34 /* teams.json */ = {isa = PBXFileReference; lastKnownFileType = text.json; path = teams.json; sourceTree = "<group>"; };
		087C2E112B85703200AFAB34 /* BasketballTeamsResponse.swift */ = {isa = PBXFileReference; lastKnownFileType = sourcecode.swift; path = BasketballTeamsResponse.swift; sourceTree = "<group>"; };
		087C2E182B85731700AFAB34 /* ErrorManager.swift */ = {isa = PBXFileReference; lastKnownFileType = sourcecode.swift; path = ErrorManager.swift; sourceTree = "<group>"; };
		087CBB482B806B0300DDAC9D /* AddScheduledGameView.swift */ = {isa = PBXFileReference; lastKnownFileType = sourcecode.swift; path = AddScheduledGameView.swift; sourceTree = "<group>"; };
		087CBB4A2B80EBDC00DDAC9D /* StoreManager.swift */ = {isa = PBXFileReference; lastKnownFileType = sourcecode.swift; path = StoreManager.swift; sourceTree = "<group>"; };
		087F8B372AB76683009DFD07 /* SmallNextGameView.swift */ = {isa = PBXFileReference; lastKnownFileType = sourcecode.swift; path = SmallNextGameView.swift; sourceTree = "<group>"; };
		087F8B392AB76889009DFD07 /* InlineNextGameView.swift */ = {isa = PBXFileReference; lastKnownFileType = sourcecode.swift; path = InlineNextGameView.swift; sourceTree = "<group>"; };
		087F8B3B2AB76A1E009DFD07 /* CircularNextGameView.swift */ = {isa = PBXFileReference; lastKnownFileType = sourcecode.swift; path = CircularNextGameView.swift; sourceTree = "<group>"; };
		0882AF9B2AE2B14300EF4E0E /* CollegeFootballResponse.swift */ = {isa = PBXFileReference; lastKnownFileType = sourcecode.swift; path = CollegeFootballResponse.swift; sourceTree = "<group>"; };
		0882AF9D2AE302D800EF4E0E /* CFDAPI.swift */ = {isa = PBXFileReference; lastKnownFileType = sourcecode.swift; path = CFDAPI.swift; sourceTree = "<group>"; };
		0886D3A22B8106DD00F997B1 /* WorldFootballAPI.swift */ = {isa = PBXFileReference; lastKnownFileType = sourcecode.swift; path = WorldFootballAPI.swift; sourceTree = "<group>"; };
		0886D3A42B81079200F997B1 /* football-data.json */ = {isa = PBXFileReference; lastKnownFileType = text.json; path = "football-data.json"; sourceTree = "<group>"; };
		0886D3A62B8108EC00F997B1 /* WorldFootballResponse.swift */ = {isa = PBXFileReference; lastKnownFileType = sourcecode.swift; path = WorldFootballResponse.swift; sourceTree = "<group>"; };
		0886D3A82B810AB300F997B1 /* StateSecretManager.swift */ = {isa = PBXFileReference; lastKnownFileType = sourcecode.swift; path = StateSecretManager.swift; sourceTree = "<group>"; };
		0886D3AB2B810EF000F997B1 /* Info.plist */ = {isa = PBXFileReference; lastKnownFileType = text.plist; path = Info.plist; sourceTree = "<group>"; };
		0886D3AD2B81178F00F997B1 /* BaseballResponse.swift */ = {isa = PBXFileReference; lastKnownFileType = sourcecode.swift; path = BaseballResponse.swift; sourceTree = "<group>"; };
		0886D3B02B811B9B00F997B1 /* statsapi.json */ = {isa = PBXFileReference; lastKnownFileType = text.json; path = statsapi.json; sourceTree = "<group>"; };
		08A2B1872B86B7ED000B770F /* TeamAdapter.swift */ = {isa = PBXFileReference; lastKnownFileType = sourcecode.swift; path = TeamAdapter.swift; sourceTree = "<group>"; };
		08A2B1912B86DC1F000B770F /* FeatureFlagManager.swift */ = {isa = PBXFileReference; lastKnownFileType = sourcecode.swift; path = FeatureFlagManager.swift; sourceTree = "<group>"; };
		08A587802AB5E15A00BA4BE9 /* GameAdapter.swift */ = {isa = PBXFileReference; lastKnownFileType = sourcecode.swift; path = GameAdapter.swift; sourceTree = "<group>"; };
		08A587822AB5EAD600BA4BE9 /* DateAdapter.swift */ = {isa = PBXFileReference; lastKnownFileType = sourcecode.swift; path = DateAdapter.swift; sourceTree = "<group>"; };
		08A587862AB5F5B400BA4BE9 /* RohrigView.swift */ = {isa = PBXFileReference; lastKnownFileType = sourcecode.swift; path = RohrigView.swift; sourceTree = "<group>"; };
		08A5878E2AB61F1800BA4BE9 /* MLBAPI.swift */ = {isa = PBXFileReference; lastKnownFileType = sourcecode.swift; path = MLBAPI.swift; sourceTree = "<group>"; };
		08A5879B2AB63C9000BA4BE9 /* Config.xcconfig */ = {isa = PBXFileReference; lastKnownFileType = text.xcconfig; path = Config.xcconfig; sourceTree = "<group>"; };
		08AFEC242B813E330028A39A /* GameDetailView.swift */ = {isa = PBXFileReference; lastKnownFileType = sourcecode.swift; path = GameDetailView.swift; sourceTree = "<group>"; };
		08AFEC2A2B8182460028A39A /* YekaterinburgTV.app */ = {isa = PBXFileReference; explicitFileType = wrapper.application; includeInIndex = 0; path = YekaterinburgTV.app; sourceTree = BUILT_PRODUCTS_DIR; };
		08AFEC2C2B8182470028A39A /* YekaterinburgTVApp.swift */ = {isa = PBXFileReference; lastKnownFileType = sourcecode.swift; path = YekaterinburgTVApp.swift; sourceTree = "<group>"; };
		08AFEC302B8182490028A39A /* Assets.xcassets */ = {isa = PBXFileReference; lastKnownFileType = folder.assetcatalog; path = Assets.xcassets; sourceTree = "<group>"; };
		08AFEC332B8182490028A39A /* Preview Assets.xcassets */ = {isa = PBXFileReference; lastKnownFileType = folder.assetcatalog; path = "Preview Assets.xcassets"; sourceTree = "<group>"; };
		08C5E8ED2AA7AEEF0000BD28 /* Game.swift */ = {isa = PBXFileReference; lastKnownFileType = sourcecode.swift; path = Game.swift; sourceTree = "<group>"; };
		08D25E8D2AE6EE15004EB8DB /* balldontlie.json */ = {isa = PBXFileReference; lastKnownFileType = text.json; path = balldontlie.json; sourceTree = "<group>"; };
		08D25E8F2AE6EE7F004EB8DB /* NBAAPI.swift */ = {isa = PBXFileReference; lastKnownFileType = sourcecode.swift; path = NBAAPI.swift; sourceTree = "<group>"; };
		08D25E912AE6EF16004EB8DB /* BasketballResponse.swift */ = {isa = PBXFileReference; lastKnownFileType = sourcecode.swift; path = BasketballResponse.swift; sourceTree = "<group>"; };
		08D499B42BD84E380091597F /* WorldFootballCompetitionsResponse.swift */ = {isa = PBXFileReference; lastKnownFileType = sourcecode.swift; path = WorldFootballCompetitionsResponse.swift; sourceTree = "<group>"; };
		08D499B62BD8503A0091597F /* football-data_competitions.json */ = {isa = PBXFileReference; lastKnownFileType = text.json; path = "football-data_competitions.json"; sourceTree = "<group>"; };
		08D499BF2BD852570091597F /* YeTests.xctest */ = {isa = PBXFileReference; explicitFileType = wrapper.cfbundle; includeInIndex = 0; path = YeTests.xctest; sourceTree = BUILT_PRODUCTS_DIR; };
		08D499C12BD852570091597F /* YeTests.swift */ = {isa = PBXFileReference; lastKnownFileType = sourcecode.swift; path = YeTests.swift; sourceTree = "<group>"; };
		08D499E22BD856F80091597F /* CompetitionsView.swift */ = {isa = PBXFileReference; lastKnownFileType = sourcecode.swift; path = CompetitionsView.swift; sourceTree = "<group>"; };
		08D499E42BD865210091597F /* WorldFootballTeamsResponse.swift */ = {isa = PBXFileReference; lastKnownFileType = sourcecode.swift; path = WorldFootballTeamsResponse.swift; sourceTree = "<group>"; };
		08D499E72BD865F10091597F /* football-data_teams.json */ = {isa = PBXFileReference; lastKnownFileType = text.json; path = "football-data_teams.json"; sourceTree = "<group>"; };
		08D499EA2BDABD930091597F /* StandingsView.swift */ = {isa = PBXFileReference; lastKnownFileType = sourcecode.swift; path = StandingsView.swift; sourceTree = "<group>"; };
		08D499ED2BDABE2E0091597F /* football-data_standings.json */ = {isa = PBXFileReference; lastKnownFileType = text.json; path = "football-data_standings.json"; sourceTree = "<group>"; };
		08D499F22BDABF050091597F /* WorldFootballStandingsResponse.swift */ = {isa = PBXFileReference; lastKnownFileType = sourcecode.swift; path = WorldFootballStandingsResponse.swift; sourceTree = "<group>"; };
		08D99CCE2AB37AB3004C7D43 /* Team.swift */ = {isa = PBXFileReference; lastKnownFileType = sourcecode.swift; path = Team.swift; sourceTree = "<group>"; };
		08D99CD02AB37FC1004C7D43 /* Team.json */ = {isa = PBXFileReference; lastKnownFileType = text.json; path = Team.json; sourceTree = "<group>"; };
		08D99CD22AB38064004C7D43 /* QuickTypeTeam.swift */ = {isa = PBXFileReference; lastKnownFileType = sourcecode.swift; path = QuickTypeTeam.swift; sourceTree = "<group>"; };
		08DA48F62B727E620097F36C /* ToolbarButton.swift */ = {isa = PBXFileReference; lastKnownFileType = sourcecode.swift; path = ToolbarButton.swift; sourceTree = "<group>"; };
		08DA48FA2B7287140097F36C /* ToolbarStatus.swift */ = {isa = PBXFileReference; lastKnownFileType = sourcecode.swift; path = ToolbarStatus.swift; sourceTree = "<group>"; };
		08DA48FC2B7288BC0097F36C /* WindowManager.swift */ = {isa = PBXFileReference; lastKnownFileType = sourcecode.swift; path = WindowManager.swift; sourceTree = "<group>"; };
		08DA48FF2B728A520097F36C /* ImageManager.swift */ = {isa = PBXFileReference; lastKnownFileType = sourcecode.swift; path = ImageManager.swift; sourceTree = "<group>"; };
		08DB5A872AD97C00001D55B5 /* InProgressGameView.swift */ = {isa = PBXFileReference; lastKnownFileType = sourcecode.swift; path = InProgressGameView.swift; sourceTree = "<group>"; };
		08DFB4452AC08B7200B95434 /* SmallNextGameTwoView.swift */ = {isa = PBXFileReference; lastKnownFileType = sourcecode.swift; path = SmallNextGameTwoView.swift; sourceTree = "<group>"; };
		08DFB4472AC0922100B95434 /* SmallGameInProgressView.swift */ = {isa = PBXFileReference; lastKnownFileType = sourcecode.swift; path = SmallGameInProgressView.swift; sourceTree = "<group>"; };
		08E0247D2BDBF6AD00C5AB65 /* nhle-franchise.swift */ = {isa = PBXFileReference; lastKnownFileType = sourcecode.swift; path = "nhle-franchise.swift"; sourceTree = "<group>"; };
		08E024812BDBF7D100C5AB65 /* NHLAPI.swift */ = {isa = PBXFileReference; lastKnownFileType = sourcecode.swift; path = NHLAPI.swift; sourceTree = "<group>"; };
		08E024892BDBFB1500C5AB65 /* nhle-franchise.json */ = {isa = PBXFileReference; lastKnownFileType = text.json; path = "nhle-franchise.json"; sourceTree = "<group>"; };
		08E0248E2BDC01B200C5AB65 /* nhle-schedule.json */ = {isa = PBXFileReference; explicitFileType = text.json; path = "nhle-schedule.json"; sourceTree = "<group>"; };
		08E024922BDC025600C5AB65 /* nhle-schedule.swift */ = {isa = PBXFileReference; lastKnownFileType = sourcecode.swift; path = "nhle-schedule.swift"; sourceTree = "<group>"; };
		08E325372BA4CD5C00104E85 /* YeEvents.json */ = {isa = PBXFileReference; lastKnownFileType = text.json; path = YeEvents.json; sourceTree = "<group>"; };
		08E325382BA4E30A00104E85 /* BackgroundView.swift */ = {isa = PBXFileReference; lastKnownFileType = sourcecode.swift; path = BackgroundView.swift; sourceTree = "<group>"; };
		08E85C3D2ADDB9AA00A065E9 /* MediumNextGameView.swift */ = {isa = PBXFileReference; lastKnownFileType = sourcecode.swift; path = MediumNextGameView.swift; sourceTree = "<group>"; };
		08ECA8F62A9250C7000570A8 /* SCHEDULE.json */ = {isa = PBXFileReference; lastKnownFileType = text.json; path = SCHEDULE.json; sourceTree = "<group>"; };
		08F0B9582BB3785A0066102B /* MarchUpcomingGameView.swift */ = {isa = PBXFileReference; lastKnownFileType = sourcecode.swift; path = MarchUpcomingGameView.swift; sourceTree = "<group>"; };
/* End PBXFileReference section */

/* Begin PBXFrameworksBuildPhase section */
		0805D3CD2A4F375100261EFE /* Frameworks */ = {
			isa = PBXFrameworksBuildPhase;
			buildActionMask = 2147483647;
			files = (
			);
			runOnlyForDeploymentPostprocessing = 0;
		};
		08AFEC272B8182460028A39A /* Frameworks */ = {
			isa = PBXFrameworksBuildPhase;
			buildActionMask = 2147483647;
			files = (
			);
			runOnlyForDeploymentPostprocessing = 0;
		};
		08D499BC2BD852570091597F /* Frameworks */ = {
			isa = PBXFrameworksBuildPhase;
			buildActionMask = 2147483647;
			files = (
			);
			runOnlyForDeploymentPostprocessing = 0;
		};
/* End PBXFrameworksBuildPhase section */

/* Begin PBXGroup section */
		08022E702B78467F009F572E /* System 1 */ = {
			isa = PBXGroup;
			children = (
				0805D3EA2A4F53D800261EFE /* ContentViewiOS.swift */,
				086649ED2ADAF7E900A71C9F /* SportCollectionMac.swift */,
				08022E712B7846B8009F572E /* ContentViewForTV.swift */,
			);
			path = "System 1";
			sourceTree = "<group>";
		};
		08022E732B785F50009F572E /* Games States */ = {
			isa = PBXGroup;
			children = (
				0805EA102AD198EA00D17753 /* FutureGameView.swift */,
				08DB5A872AD97C00001D55B5 /* InProgressGameView.swift */,
				0805EA0B2AD1964C00D17753 /* BaseballBoxscoreView.swift */,
				0805EA0F2AD198EA00D17753 /* GameStatusView.swift */,
			);
			path = "Games States";
			sourceTree = "<group>";
		};
		08022E782B786F2B009F572E /* Adapters */ = {
			isa = PBXGroup;
			children = (
				08A587802AB5E15A00BA4BE9 /* GameAdapter.swift */,
				08A587822AB5EAD600BA4BE9 /* DateAdapter.swift */,
				08A2B1872B86B7ED000B770F /* TeamAdapter.swift */,
			);
			path = Adapters;
			sourceTree = "<group>";
		};
		08022E792B7875B4009F572E /* API */ = {
			isa = PBXGroup;
			children = (
				0805D3E22A4F3A9000261EFE /* ContentModel.swift */,
			);
			path = API;
			sourceTree = "<group>";
		};
		0805D3C72A4F375100261EFE = {
			isa = PBXGroup;
			children = (
				08A5879B2AB63C9000BA4BE9 /* Config.xcconfig */,
				08AFEC542B81828A0028A39A /* tvOS */,
				08F0B9572BB36EDE0066102B /* macOS */,
				0898EA8D2A61A32700BBB9B1 /* shared */,
				0805D3D22A4F375100261EFE /* yekaterinburg */,
				083CBD262B82528200D151F7 /* iOS */,
				08D499C02BD852570091597F /* YeTests */,
				0837AF8D2A589EF600D8E989 /* Frameworks */,
				0805D3D12A4F375100261EFE /* Products */,
			);
			sourceTree = "<group>";
		};
		0805D3D12A4F375100261EFE /* Products */ = {
			isa = PBXGroup;
			children = (
				0805D3D02A4F375100261EFE /* yekaterinburg.app */,
				08AFEC2A2B8182460028A39A /* YekaterinburgTV.app */,
				08D499BF2BD852570091597F /* YeTests.xctest */,
			);
			name = Products;
			sourceTree = "<group>";
		};
		0805D3D22A4F375100261EFE /* yekaterinburg */ = {
			isa = PBXGroup;
			children = (
				0886D3AB2B810EF000F997B1 /* Info.plist */,
				0805D3D32A4F375100261EFE /* yekaterinburgApp.swift */,
				08DA48FE2B7288F30097F36C /* Managers */,
				08C5E8F02AA7B3520000BD28 /* View */,
				0850835C2B7ADE710023C4D3 /* View Model */,
				08C5E8EF2AA7B3430000BD28 /* Model */,
				08022E792B7875B4009F572E /* API */,
				0805D3D72A4F375300261EFE /* Assets.xcassets */,
				0805D3D92A4F375300261EFE /* yekaterinburg.entitlements */,
				0805D3DA2A4F375300261EFE /* Preview Content */,
			);
			path = yekaterinburg;
			sourceTree = "<group>";
		};
		0805D3DA2A4F375300261EFE /* Preview Content */ = {
			isa = PBXGroup;
			children = (
				0805D3DB2A4F375300261EFE /* Preview Assets.xcassets */,
			);
			path = "Preview Content";
			sourceTree = "<group>";
		};
		0837AF8D2A589EF600D8E989 /* Frameworks */ = {
			isa = PBXGroup;
			children = (
				0837AF8E2A589EF600D8E989 /* WidgetKit.framework */,
				0837AF902A589EF600D8E989 /* SwiftUI.framework */,
			);
			name = Frameworks;
			sourceTree = "<group>";
		};
		083CBCCF2B824A6F00D151F7 /* Models */ = {
			isa = PBXGroup;
			children = (
				08C5E8ED2AA7AEEF0000BD28 /* Game.swift */,
			);
			path = Models;
			sourceTree = "<group>";
		};
		083CBCDD2B824ACF00D151F7 /* Managers */ = {
			isa = PBXGroup;
			children = (
				0886D3A82B810AB300F997B1 /* StateSecretManager.swift */,
				08DA48FF2B728A520097F36C /* ImageManager.swift */,
				087CBB4A2B80EBDC00DDAC9D /* StoreManager.swift */,
				0805EA0D2AD1968F00D17753 /* SampleManager.swift */,
				087C2E182B85731700AFAB34 /* ErrorManager.swift */,
				08A2B1912B86DC1F000B770F /* FeatureFlagManager.swift */,
				0821B7B42BC97ED3004CCCB9 /* StringManager.swift */,
			);
			path = Managers;
			sourceTree = "<group>";
		};
		083CBD262B82528200D151F7 /* iOS */ = {
			isa = PBXGroup;
			children = (
				083CBD272B8252A700D151F7 /* Settings.bundle */,
			);
			path = iOS;
			sourceTree = "<group>";
		};
		0850835C2B7ADE710023C4D3 /* View Model */ = {
			isa = PBXGroup;
			children = (
			);
			path = "View Model";
			sourceTree = "<group>";
		};
		087C2E0B2B856FAB00AFAB34 /* api.balldontlie.io */ = {
			isa = PBXGroup;
			children = (
				087C2E0D2B856FEB00AFAB34 /* teams.json */,
			);
			path = api.balldontlie.io;
			sourceTree = "<group>";
		};
		087C2E152B85704300AFAB34 /* Basketball */ = {
			isa = PBXGroup;
			children = (
				08D25E912AE6EF16004EB8DB /* BasketballResponse.swift */,
				087C2E112B85703200AFAB34 /* BasketballTeamsResponse.swift */,
			);
			path = Basketball;
			sourceTree = "<group>";
		};
		0898EA8D2A61A32700BBB9B1 /* shared */ = {
			isa = PBXGroup;
			children = (
				08022E762B786614009F572E /* GeneralSecretary.swift */,
				083CBCCF2B824A6F00D151F7 /* Models */,
				08AFEC232B813E130028A39A /* View Models */,
				08AFEC222B813E0C0028A39A /* Views */,
				08DA48F92B7283510097F36C /* RSC Elements */,
				08C5E8F22AA7B3800000BD28 /* JSON */,
				08DA48F82B7282DA0097F36C /* Responses */,
				08CC4A932B7917E4008CAED1 /* API */,
				083CBCDD2B824ACF00D151F7 /* Managers */,
				08022E782B786F2B009F572E /* Adapters */,
			);
			path = shared;
			sourceTree = "<group>";
		};
		08A5877F2AB5D72900BA4BE9 /* QuickType */ = {
			isa = PBXGroup;
			children = (
				08D99CD22AB38064004C7D43 /* QuickTypeTeam.swift */,
			);
			path = QuickType;
			sourceTree = "<group>";
		};
		08AFEC222B813E0C0028A39A /* Views */ = {
			isa = PBXGroup;
			children = (
				08AFEC242B813E330028A39A /* GameDetailView.swift */,
				083CBD2D2B82587000D151F7 /* DebugView.swift */,
				0875168A2B83E96300018712 /* EventView.swift */,
				087F8B372AB76683009DFD07 /* SmallNextGameView.swift */,
				087F8B392AB76889009DFD07 /* InlineNextGameView.swift */,
				08E85C3D2ADDB9AA00A065E9 /* MediumNextGameView.swift */,
				087F8B3B2AB76A1E009DFD07 /* CircularNextGameView.swift */,
				08DFB4472AC0922100B95434 /* SmallGameInProgressView.swift */,
				08DFB4452AC08B7200B95434 /* SmallNextGameTwoView.swift */,
				08E325382BA4E30A00104E85 /* BackgroundView.swift */,
			);
			path = Views;
			sourceTree = "<group>";
		};
		08AFEC232B813E130028A39A /* View Models */ = {
			isa = PBXGroup;
			children = (
				0850835D2B7ADE910023C4D3 /* System1ViewModel.swift */,
			);
			path = "View Models";
			sourceTree = "<group>";
		};
		08AFEC2B2B8182470028A39A /* YekaterinburgTV */ = {
			isa = PBXGroup;
			children = (
				08AFEC302B8182490028A39A /* Assets.xcassets */,
				08AFEC322B8182490028A39A /* Preview Content */,
			);
			path = YekaterinburgTV;
			sourceTree = "<group>";
		};
		08AFEC322B8182490028A39A /* Preview Content */ = {
			isa = PBXGroup;
			children = (
				08AFEC332B8182490028A39A /* Preview Assets.xcassets */,
			);
			path = "Preview Content";
			sourceTree = "<group>";
		};
		08AFEC542B81828A0028A39A /* tvOS */ = {
			isa = PBXGroup;
			children = (
				08AFEC2C2B8182470028A39A /* YekaterinburgTVApp.swift */,
				083CBD292B82578D00D151F7 /* tvView.swift */,
				08F0B9582BB3785A0066102B /* MarchUpcomingGameView.swift */,
				08AFEC2B2B8182470028A39A /* YekaterinburgTV */,
			);
			path = tvOS;
			sourceTree = "<group>";
		};
		08C5E8EF2AA7B3430000BD28 /* Model */ = {
			isa = PBXGroup;
			children = (
				08D99CCE2AB37AB3004C7D43 /* Team.swift */,
			);
			path = Model;
			sourceTree = "<group>";
		};
		08C5E8F02AA7B3520000BD28 /* View */ = {
			isa = PBXGroup;
			children = (
				08022E732B785F50009F572E /* Games States */,
				08022E702B78467F009F572E /* System 1 */,
				0805D3E82A4F51DA00261EFE /* TeamsView.swift */,
				0805EA172AD1A91E00D17753 /* SettingsView.swift */,
				087CBB482B806B0300DDAC9D /* AddScheduledGameView.swift */,
			);
			path = View;
			sourceTree = "<group>";
		};
		08C5E8F22AA7B3800000BD28 /* JSON */ = {
			isa = PBXGroup;
			children = (
				08E0248D2BDC018600C5AB65 /* nhle */,
				08D499EC2BDABE0A0091597F /* football-data */,
				08E325362BA4CD3600104E85 /* alexanderrohrig.com */,
				087C2E0B2B856FAB00AFAB34 /* api.balldontlie.io */,
				08ECA8F62A9250C7000570A8 /* SCHEDULE.json */,
				0805D3E42A4F439500261EFE /* TEST.json */,
				08D99CD02AB37FC1004C7D43 /* Team.json */,
				0805EA152AD1A06700D17753 /* collegefootballdata-games.json */,
				082964862AD8797E000B1D7B /* nhl-schedule.json */,
				08D25E8D2AE6EE15004EB8DB /* balldontlie.json */,
				0886D3A42B81079200F997B1 /* football-data.json */,
				0886D3B02B811B9B00F997B1 /* statsapi.json */,
			);
			path = JSON;
			sourceTree = "<group>";
		};
		08CC4A932B7917E4008CAED1 /* API */ = {
			isa = PBXGroup;
			children = (
				08D25E8F2AE6EE7F004EB8DB /* NBAAPI.swift */,
				0882AF9D2AE302D800EF4E0E /* CFDAPI.swift */,
				08A5878E2AB61F1800BA4BE9 /* MLBAPI.swift */,
				0886D3A22B8106DD00F997B1 /* WorldFootballAPI.swift */,
				08E024812BDBF7D100C5AB65 /* NHLAPI.swift */,
			);
			path = API;
			sourceTree = "<group>";
		};
		08D499C02BD852570091597F /* YeTests */ = {
			isa = PBXGroup;
			children = (
				08D499C12BD852570091597F /* YeTests.swift */,
			);
			path = YeTests;
			sourceTree = "<group>";
		};
		08D499EC2BDABE0A0091597F /* football-data */ = {
			isa = PBXGroup;
			children = (
				08D499B62BD8503A0091597F /* football-data_competitions.json */,
				08D499E72BD865F10091597F /* football-data_teams.json */,
				08D499ED2BDABE2E0091597F /* football-data_standings.json */,
			);
			name = "football-data";
			sourceTree = "<group>";
		};
		08D499F12BDABEE00091597F /* football-data */ = {
			isa = PBXGroup;
			children = (
				0886D3A62B8108EC00F997B1 /* WorldFootballResponse.swift */,
				08D499E42BD865210091597F /* WorldFootballTeamsResponse.swift */,
				08D499B42BD84E380091597F /* WorldFootballCompetitionsResponse.swift */,
				08D499F22BDABF050091597F /* WorldFootballStandingsResponse.swift */,
			);
			name = "football-data";
			sourceTree = "<group>";
		};
		08DA48F82B7282DA0097F36C /* Responses */ = {
			isa = PBXGroup;
			children = (
				08E0247C2BDBF69300C5AB65 /* NHLE */,
				08D499F12BDABEE00091597F /* football-data */,
				087C2E152B85704300AFAB34 /* Basketball */,
				08A5877F2AB5D72900BA4BE9 /* QuickType */,
				0886D3AD2B81178F00F997B1 /* BaseballResponse.swift */,
				0882AF9B2AE2B14300EF4E0E /* CollegeFootballResponse.swift */,
				082964882AD87AE9000B1D7B /* HockeyResponse.swift */,
			);
			path = Responses;
			sourceTree = "<group>";
		};
		08DA48F92B7283510097F36C /* RSC Elements */ = {
			isa = PBXGroup;
			children = (
				08DA48F62B727E620097F36C /* ToolbarButton.swift */,
				08DA48FA2B7287140097F36C /* ToolbarStatus.swift */,
				08A587862AB5F5B400BA4BE9 /* RohrigView.swift */,
			);
			path = "RSC Elements";
			sourceTree = "<group>";
		};
		08DA48FE2B7288F30097F36C /* Managers */ = {
			isa = PBXGroup;
			children = (
				08DA48FC2B7288BC0097F36C /* WindowManager.swift */,
				08022E742B7863E7009F572E /* ColorManager.swift */,
			);
			path = Managers;
			sourceTree = "<group>";
		};
		08E0247C2BDBF69300C5AB65 /* NHLE */ = {
			isa = PBXGroup;
			children = (
				08E0247D2BDBF6AD00C5AB65 /* nhle-franchise.swift */,
				08E024922BDC025600C5AB65 /* nhle-schedule.swift */,
			);
			name = NHLE;
			sourceTree = "<group>";
		};
		08E0248D2BDC018600C5AB65 /* nhle */ = {
			isa = PBXGroup;
			children = (
				08E024892BDBFB1500C5AB65 /* nhle-franchise.json */,
				08E0248E2BDC01B200C5AB65 /* nhle-schedule.json */,
			);
			name = nhle;
			sourceTree = "<group>";
		};
		08E325362BA4CD3600104E85 /* alexanderrohrig.com */ = {
			isa = PBXGroup;
			children = (
				08E325372BA4CD5C00104E85 /* YeEvents.json */,
			);
			path = alexanderrohrig.com;
			sourceTree = "<group>";
		};
		08F0B9572BB36EDE0066102B /* macOS */ = {
			isa = PBXGroup;
			children = (
				0805D3D52A4F375100261EFE /* macView.swift */,
				08D499E22BD856F80091597F /* CompetitionsView.swift */,
				08D499EA2BDABD930091597F /* StandingsView.swift */,
				0824166D2BDC7A2900C8E274 /* WhatsNewView.swift */,
			);
			path = macOS;
			sourceTree = "<group>";
		};
/* End PBXGroup section */

/* Begin PBXNativeTarget section */
		0805D3CF2A4F375100261EFE /* yekaterinburg */ = {
			isa = PBXNativeTarget;
			buildConfigurationList = 0805D3DF2A4F375300261EFE /* Build configuration list for PBXNativeTarget "yekaterinburg" */;
			buildPhases = (
				0805D3CC2A4F375100261EFE /* Sources */,
				0805D3CD2A4F375100261EFE /* Frameworks */,
				0805D3CE2A4F375100261EFE /* Resources */,
				0837AF9C2A589EF900D8E989 /* Embed Foundation Extensions */,
			);
			buildRules = (
			);
			dependencies = (
			);
			name = yekaterinburg;
			productName = yekaterinburg;
			productReference = 0805D3D02A4F375100261EFE /* yekaterinburg.app */;
			productType = "com.apple.product-type.application";
		};
		08AFEC292B8182460028A39A /* YekaterinburgTV */ = {
			isa = PBXNativeTarget;
			buildConfigurationList = 08AFEC4B2B81824A0028A39A /* Build configuration list for PBXNativeTarget "YekaterinburgTV" */;
			buildPhases = (
				08AFEC262B8182460028A39A /* Sources */,
				08AFEC272B8182460028A39A /* Frameworks */,
				08AFEC282B8182460028A39A /* Resources */,
			);
			buildRules = (
			);
			dependencies = (
			);
			name = YekaterinburgTV;
			productName = YekaterinburgTV;
			productReference = 08AFEC2A2B8182460028A39A /* YekaterinburgTV.app */;
			productType = "com.apple.product-type.application";
		};
		08D499BE2BD852570091597F /* YeTests */ = {
			isa = PBXNativeTarget;
			buildConfigurationList = 08D499C52BD852570091597F /* Build configuration list for PBXNativeTarget "YeTests" */;
			buildPhases = (
				08D499BB2BD852570091597F /* Sources */,
				08D499BC2BD852570091597F /* Frameworks */,
				08D499BD2BD852570091597F /* Resources */,
			);
			buildRules = (
			);
			dependencies = (
				08D499C42BD852570091597F /* PBXTargetDependency */,
			);
			name = YeTests;
			productName = YeTests;
			productReference = 08D499BF2BD852570091597F /* YeTests.xctest */;
			productType = "com.apple.product-type.bundle.unit-test";
		};
/* End PBXNativeTarget section */

/* Begin PBXProject section */
		0805D3C82A4F375100261EFE /* Project object */ = {
			isa = PBXProject;
			attributes = {
				BuildIndependentTargetsInParallel = 1;
				LastSwiftUpdateCheck = 1530;
				LastUpgradeCheck = 1520;
				TargetAttributes = {
					0805D3CF2A4F375100261EFE = {
						CreatedOnToolsVersion = 14.3;
					};
					08AFEC292B8182460028A39A = {
						CreatedOnToolsVersion = 15.2;
					};
					08D499BE2BD852570091597F = {
						CreatedOnToolsVersion = 15.3;
						TestTargetID = 0805D3CF2A4F375100261EFE;
					};
				};
			};
			buildConfigurationList = 0805D3CB2A4F375100261EFE /* Build configuration list for PBXProject "yekaterinburg" */;
			compatibilityVersion = "Xcode 14.0";
			developmentRegion = en;
			hasScannedForEncodings = 0;
			knownRegions = (
				en,
				Base,
			);
			mainGroup = 0805D3C72A4F375100261EFE;
			productRefGroup = 0805D3D12A4F375100261EFE /* Products */;
			projectDirPath = "";
			projectRoot = "";
			targets = (
				0805D3CF2A4F375100261EFE /* yekaterinburg */,
				08AFEC292B8182460028A39A /* YekaterinburgTV */,
				08D499BE2BD852570091597F /* YeTests */,
			);
		};
/* End PBXProject section */

/* Begin PBXResourcesBuildPhase section */
		0805D3CE2A4F375100261EFE /* Resources */ = {
			isa = PBXResourcesBuildPhase;
			buildActionMask = 2147483647;
			files = (
				08D499EE2BDABE2E0091597F /* football-data_standings.json in Resources */,
				08D499E82BD865F10091597F /* football-data_teams.json in Resources */,
				08E0248F2BDC01B200C5AB65 /* nhle-schedule.json in Resources */,
				08E0248A2BDBFB1500C5AB65 /* nhle-franchise.json in Resources */,
				087C2E0E2B856FEB00AFAB34 /* teams.json in Resources */,
				0805D3DC2A4F375300261EFE /* Preview Assets.xcassets in Resources */,
				0805D3E52A4F439500261EFE /* TEST.json in Resources */,
				08D25E8E2AE6EE15004EB8DB /* balldontlie.json in Resources */,
				08ECA8F72A9250C7000570A8 /* SCHEDULE.json in Resources */,
				0886D3B12B811B9B00F997B1 /* statsapi.json in Resources */,
				082964872AD8797E000B1D7B /* nhl-schedule.json in Resources */,
				0805D3D82A4F375300261EFE /* Assets.xcassets in Resources */,
				0886D3A52B81079200F997B1 /* football-data.json in Resources */,
				0805EA162AD1A06800D17753 /* collegefootballdata-games.json in Resources */,
				083CBD282B8252A700D151F7 /* Settings.bundle in Resources */,
				08D99CD12AB37FC1004C7D43 /* Team.json in Resources */,
				08D499B72BD8503A0091597F /* football-data_competitions.json in Resources */,
			);
			runOnlyForDeploymentPostprocessing = 0;
		};
		08AFEC282B8182460028A39A /* Resources */ = {
			isa = PBXResourcesBuildPhase;
			buildActionMask = 2147483647;
			files = (
				08D499EF2BDABE2E0091597F /* football-data_standings.json in Resources */,
				083CBD132B824DCA00D151F7 /* Team.json in Resources */,
				08E024902BDC01B200C5AB65 /* nhle-schedule.json in Resources */,
				083CBD0A2B824DBC00D151F7 /* football-data.json in Resources */,
				083CBD1B2B824DD500D151F7 /* SCHEDULE.json in Resources */,
				08AFEC342B8182490028A39A /* Preview Assets.xcassets in Resources */,
				087C2E102B856FEB00AFAB34 /* teams.json in Resources */,
				083CBD032B824DB500D151F7 /* nhl-schedule.json in Resources */,
				083CBD172B824DCE00D151F7 /* TEST.json in Resources */,
				083CBD002B824DB000D151F7 /* collegefootballdata-games.json in Resources */,
				083CBD062B824DB900D151F7 /* balldontlie.json in Resources */,
				08E0248B2BDBFB1500C5AB65 /* nhle-franchise.json in Resources */,
				083CBD0F2B824DC300D151F7 /* statsapi.json in Resources */,
				08AFEC312B8182490028A39A /* Assets.xcassets in Resources */,
			);
			runOnlyForDeploymentPostprocessing = 0;
		};
		08D499BD2BD852570091597F /* Resources */ = {
			isa = PBXResourcesBuildPhase;
			buildActionMask = 2147483647;
			files = (
				08D499F02BDABE2E0091597F /* football-data_standings.json in Resources */,
				08D499E92BD865F10091597F /* football-data_teams.json in Resources */,
				08E024912BDC01B200C5AB65 /* nhle-schedule.json in Resources */,
				08E0248C2BDBFB1500C5AB65 /* nhle-franchise.json in Resources */,
			);
			runOnlyForDeploymentPostprocessing = 0;
		};
/* End PBXResourcesBuildPhase section */

/* Begin PBXSourcesBuildPhase section */
		0805D3CC2A4F375100261EFE /* Sources */ = {
			isa = PBXSourcesBuildPhase;
			buildActionMask = 2147483647;
			files = (
				087CBB492B806B0300DDAC9D /* AddScheduledGameView.swift in Sources */,
				08A587812AB5E15A00BA4BE9 /* GameAdapter.swift in Sources */,
				08DA49002B728A520097F36C /* ImageManager.swift in Sources */,
				0805D3D62A4F375100261EFE /* macView.swift in Sources */,
				0805EA112AD198EA00D17753 /* GameStatusView.swift in Sources */,
				0886D3AE2B81178F00F997B1 /* BaseballResponse.swift in Sources */,
				0805D3EB2A4F53D900261EFE /* ContentViewiOS.swift in Sources */,
				087C2E192B85731700AFAB34 /* ErrorManager.swift in Sources */,
				08DA48F72B727E620097F36C /* ToolbarButton.swift in Sources */,
				0805EA182AD1A91E00D17753 /* SettingsView.swift in Sources */,
				0805D3D42A4F375100261EFE /* yekaterinburgApp.swift in Sources */,
				087CBB4B2B80EBDD00DDAC9D /* StoreManager.swift in Sources */,
				0850835E2B7ADE910023C4D3 /* System1ViewModel.swift in Sources */,
				0882AF9E2AE302D800EF4E0E /* CFDAPI.swift in Sources */,
				08CC4A8D2B790A03008CAED1 /* GeneralSecretary.swift in Sources */,
				08D25E922AE6EF16004EB8DB /* BasketballResponse.swift in Sources */,
				0886D3A92B810AB300F997B1 /* StateSecretManager.swift in Sources */,
				0824166E2BDC7A2900C8E274 /* WhatsNewView.swift in Sources */,
				08D99CD32AB38064004C7D43 /* QuickTypeTeam.swift in Sources */,
				082964892AD87AE9000B1D7B /* HockeyResponse.swift in Sources */,
				0805D3E92A4F51DA00261EFE /* TeamsView.swift in Sources */,
				08022E752B7863E7009F572E /* ColorManager.swift in Sources */,
				0886D3A32B8106DE00F997B1 /* WorldFootballAPI.swift in Sources */,
				08A5878F2AB61F1800BA4BE9 /* MLBAPI.swift in Sources */,
				08E024932BDC025600C5AB65 /* nhle-schedule.swift in Sources */,
				0805EA0E2AD1968F00D17753 /* SampleManager.swift in Sources */,
				0805EA122AD198EA00D17753 /* FutureGameView.swift in Sources */,
				0886D3A72B8108EC00F997B1 /* WorldFootballResponse.swift in Sources */,
				08D499B52BD84E380091597F /* WorldFootballCompetitionsResponse.swift in Sources */,
				08E024822BDBF7D100C5AB65 /* NHLAPI.swift in Sources */,
				0875168B2B83E96300018712 /* EventView.swift in Sources */,
				08DB5A882AD97C00001D55B5 /* InProgressGameView.swift in Sources */,
				08DA48FB2B7287140097F36C /* ToolbarStatus.swift in Sources */,
				08D499E32BD856F80091597F /* CompetitionsView.swift in Sources */,
				0805D3E32A4F3A9000261EFE /* ContentModel.swift in Sources */,
				08D499EB2BDABD930091597F /* StandingsView.swift in Sources */,
				08E325392BA4E30A00104E85 /* BackgroundView.swift in Sources */,
				08C5E8EE2AA7AEEF0000BD28 /* Game.swift in Sources */,
				08A587872AB5F5B400BA4BE9 /* RohrigView.swift in Sources */,
				08022E722B7846B8009F572E /* ContentViewForTV.swift in Sources */,
				087C2E122B85703200AFAB34 /* BasketballTeamsResponse.swift in Sources */,
				086649EE2ADAF7E900A71C9F /* SportCollectionMac.swift in Sources */,
				08D499E52BD865220091597F /* WorldFootballTeamsResponse.swift in Sources */,
				0805EA0C2AD1964C00D17753 /* BaseballBoxscoreView.swift in Sources */,
				0882AF9C2AE2B14300EF4E0E /* CollegeFootballResponse.swift in Sources */,
				08D99CCF2AB37AB3004C7D43 /* Team.swift in Sources */,
				08E0247E2BDBF6AD00C5AB65 /* nhle-franchise.swift in Sources */,
				08D25E902AE6EE7F004EB8DB /* NBAAPI.swift in Sources */,
				083CBD2E2B82587100D151F7 /* DebugView.swift in Sources */,
				08A2B1882B86B7ED000B770F /* TeamAdapter.swift in Sources */,
				0821B7B52BC97ED3004CCCB9 /* StringManager.swift in Sources */,
				08A2B1922B86DC1F000B770F /* FeatureFlagManager.swift in Sources */,
				08D499F32BDABF050091597F /* WorldFootballStandingsResponse.swift in Sources */,
				08AFEC252B813E330028A39A /* GameDetailView.swift in Sources */,
				08A587832AB5EAD600BA4BE9 /* DateAdapter.swift in Sources */,
				08DA48FD2B7288BC0097F36C /* WindowManager.swift in Sources */,
			);
			runOnlyForDeploymentPostprocessing = 0;
		};
		08AFEC262B8182460028A39A /* Sources */ = {
			isa = PBXSourcesBuildPhase;
			buildActionMask = 2147483647;
			files = (
				083CBD302B82587100D151F7 /* DebugView.swift in Sources */,
				087C2E142B85703200AFAB34 /* BasketballTeamsResponse.swift in Sources */,
				08AFEC2D2B8182470028A39A /* YekaterinburgTVApp.swift in Sources */,
				08A2B18A2B86B7ED000B770F /* TeamAdapter.swift in Sources */,
				08F0B9592BB3785A0066102B /* MarchUpcomingGameView.swift in Sources */,
				0866CD9D2BDC33420016A039 /* WorldFootballTeamsResponse.swift in Sources */,
				083CBCDE2B824AF000D151F7 /* StateSecretManager.swift in Sources */,
				08D499F42BDABF050091597F /* WorldFootballStandingsResponse.swift in Sources */,
				083CBCFC2B824D6D00D151F7 /* StoreManager.swift in Sources */,
				083CBCC52B8249F800D151F7 /* ToolbarStatus.swift in Sources */,
				083CBCC62B824A2400D151F7 /* Game.swift in Sources */,
				083CBCEA2B824B6100D151F7 /* HockeyResponse.swift in Sources */,
				08E3253A2BA4ECBB00104E85 /* BackgroundView.swift in Sources */,
				083CBCC42B8249F800D151F7 /* ToolbarButton.swift in Sources */,
				0875168D2B83E96300018712 /* EventView.swift in Sources */,
				083CBCF32B824B6B00D151F7 /* BasketballResponse.swift in Sources */,
				083CBCE32B824B3500D151F7 /* System1ViewModel.swift in Sources */,
				0821B7B62BC97ED3004CCCB9 /* StringManager.swift in Sources */,
				083CBD1F2B824FD000D151F7 /* SampleManager.swift in Sources */,
				083CBCF92B824C5900D151F7 /* ImageManager.swift in Sources */,
				083CBCC32B8249F800D151F7 /* RohrigView.swift in Sources */,
				083CBCC22B8249F300D151F7 /* GeneralSecretary.swift in Sources */,
				08E3253B2BA4ED6B00104E85 /* QuickTypeTeam.swift in Sources */,
				083CBD2A2B82578D00D151F7 /* tvView.swift in Sources */,
				0866CD9E2BDC33440016A039 /* WorldFootballResponse.swift in Sources */,
				08E0247F2BDBF6AD00C5AB65 /* nhle-franchise.swift in Sources */,
				087C2E1B2B85731700AFAB34 /* ErrorManager.swift in Sources */,
				08A2B1932B86DC25000B770F /* FeatureFlagManager.swift in Sources */,
				08E024942BDC025600C5AB65 /* nhle-schedule.swift in Sources */,
				083CBCDA2B824A9100D151F7 /* WorldFootballAPI.swift in Sources */,
				08E024832BDBF7D100C5AB65 /* NHLAPI.swift in Sources */,
				083CBCCB2B824A4E00D151F7 /* GameAdapter.swift in Sources */,
				0866CD9C2BDC33400016A039 /* WorldFootballCompetitionsResponse.swift in Sources */,
				083CBCD62B824A8E00D151F7 /* MLBAPI.swift in Sources */,
				083CBCD52B824A8C00D151F7 /* CFDAPI.swift in Sources */,
				083CBCED2B824B6500D151F7 /* CollegeFootballResponse.swift in Sources */,
				083CBCD02B824A8500D151F7 /* NBAAPI.swift in Sources */,
				08E3253C2BA4ED8D00104E85 /* Team.swift in Sources */,
				083CBCF02B824B6800D151F7 /* BaseballResponse.swift in Sources */,
				083CBCCE2B824A5100D151F7 /* DateAdapter.swift in Sources */,
			);
			runOnlyForDeploymentPostprocessing = 0;
		};
		08D499BB2BD852570091597F /* Sources */ = {
			isa = PBXSourcesBuildPhase;
			buildActionMask = 2147483647;
			files = (
				08E024842BDBF7D100C5AB65 /* NHLAPI.swift in Sources */,
				08D499D62BD854D70091597F /* StringManager.swift in Sources */,
				08D499D32BD854D00091597F /* SampleManager.swift in Sources */,
				08D499C82BD853040091597F /* WorldFootballCompetitionsResponse.swift in Sources */,
				08D499E12BD8556E0091597F /* HockeyResponse.swift in Sources */,
				08D499D92BD854DE0091597F /* NBAAPI.swift in Sources */,
				08D499D12BD854BF0091597F /* StoreManager.swift in Sources */,
				08D499D02BD8549F0091597F /* GeneralSecretary.swift in Sources */,
				08D499DA2BD854F10091597F /* BaseballResponse.swift in Sources */,
				08D499D52BD854D50091597F /* FeatureFlagManager.swift in Sources */,
				08D499DE2BD855450091597F /* QuickTypeTeam.swift in Sources */,
				08D499D82BD854DC0091597F /* CFDAPI.swift in Sources */,
				08D499D42BD854D30091597F /* ErrorManager.swift in Sources */,
				08D499DF2BD855660091597F /* BasketballTeamsResponse.swift in Sources */,
				08D499F52BDABF050091597F /* WorldFootballStandingsResponse.swift in Sources */,
				08E024952BDC025600C5AB65 /* nhle-schedule.swift in Sources */,
				08D499D22BD854CB0091597F /* ImageManager.swift in Sources */,
				08D499E62BD865220091597F /* WorldFootballTeamsResponse.swift in Sources */,
				08D499C22BD852570091597F /* YeTests.swift in Sources */,
				08D499CA2BD853090091597F /* WorldFootballAPI.swift in Sources */,
				08E024802BDBF6AD00C5AB65 /* nhle-franchise.swift in Sources */,
				08D499DB2BD8550D0091597F /* Game.swift in Sources */,
				08D499D72BD854DA0091597F /* MLBAPI.swift in Sources */,
				08D499DD2BD855360091597F /* CollegeFootballResponse.swift in Sources */,
				08D499C92BD853060091597F /* WorldFootballResponse.swift in Sources */,
				08D499CF2BD854700091597F /* StateSecretManager.swift in Sources */,
				08D499DC2BD855270091597F /* DateAdapter.swift in Sources */,
				08D499E02BD855690091597F /* BasketballResponse.swift in Sources */,
			);
			runOnlyForDeploymentPostprocessing = 0;
		};
/* End PBXSourcesBuildPhase section */

/* Begin PBXTargetDependency section */
		08D499C42BD852570091597F /* PBXTargetDependency */ = {
			isa = PBXTargetDependency;
			target = 0805D3CF2A4F375100261EFE /* yekaterinburg */;
			targetProxy = 08D499C32BD852570091597F /* PBXContainerItemProxy */;
		};
/* End PBXTargetDependency section */

/* Begin XCBuildConfiguration section */
		0805D3DD2A4F375300261EFE /* Debug */ = {
			isa = XCBuildConfiguration;
			baseConfigurationReference = 08A5879B2AB63C9000BA4BE9 /* Config.xcconfig */;
			buildSettings = {
				ALWAYS_SEARCH_USER_PATHS = NO;
				ASSETCATALOG_COMPILER_GENERATE_SWIFT_ASSET_SYMBOL_EXTENSIONS = YES;
				CLANG_ANALYZER_NONNULL = YES;
				CLANG_ANALYZER_NUMBER_OBJECT_CONVERSION = YES_AGGRESSIVE;
				CLANG_CXX_LANGUAGE_STANDARD = "gnu++20";
				CLANG_ENABLE_MODULES = YES;
				CLANG_ENABLE_OBJC_ARC = YES;
				CLANG_ENABLE_OBJC_WEAK = YES;
				CLANG_WARN_BLOCK_CAPTURE_AUTORELEASING = YES;
				CLANG_WARN_BOOL_CONVERSION = YES;
				CLANG_WARN_COMMA = YES;
				CLANG_WARN_CONSTANT_CONVERSION = YES;
				CLANG_WARN_DEPRECATED_OBJC_IMPLEMENTATIONS = YES;
				CLANG_WARN_DIRECT_OBJC_ISA_USAGE = YES_ERROR;
				CLANG_WARN_DOCUMENTATION_COMMENTS = YES;
				CLANG_WARN_EMPTY_BODY = YES;
				CLANG_WARN_ENUM_CONVERSION = YES;
				CLANG_WARN_INFINITE_RECURSION = YES;
				CLANG_WARN_INT_CONVERSION = YES;
				CLANG_WARN_NON_LITERAL_NULL_CONVERSION = YES;
				CLANG_WARN_OBJC_IMPLICIT_RETAIN_SELF = YES;
				CLANG_WARN_OBJC_LITERAL_CONVERSION = YES;
				CLANG_WARN_OBJC_ROOT_CLASS = YES_ERROR;
				CLANG_WARN_QUOTED_INCLUDE_IN_FRAMEWORK_HEADER = YES;
				CLANG_WARN_RANGE_LOOP_ANALYSIS = YES;
				CLANG_WARN_STRICT_PROTOTYPES = YES;
				CLANG_WARN_SUSPICIOUS_MOVE = YES;
				CLANG_WARN_UNGUARDED_AVAILABILITY = YES_AGGRESSIVE;
				CLANG_WARN_UNREACHABLE_CODE = YES;
				CLANG_WARN__DUPLICATE_METHOD_MATCH = YES;
				COPY_PHASE_STRIP = NO;
				DEAD_CODE_STRIPPING = YES;
				DEBUG_INFORMATION_FORMAT = dwarf;
				ENABLE_STRICT_OBJC_MSGSEND = YES;
				ENABLE_TESTABILITY = YES;
				ENABLE_USER_SCRIPT_SANDBOXING = YES;
				GCC_C_LANGUAGE_STANDARD = gnu11;
				GCC_DYNAMIC_NO_PIC = NO;
				GCC_NO_COMMON_BLOCKS = YES;
				GCC_OPTIMIZATION_LEVEL = 0;
				GCC_PREPROCESSOR_DEFINITIONS = (
					"DEBUG=1",
					"$(inherited)",
				);
				GCC_WARN_64_TO_32_BIT_CONVERSION = YES;
				GCC_WARN_ABOUT_RETURN_TYPE = YES_ERROR;
				GCC_WARN_UNDECLARED_SELECTOR = YES;
				GCC_WARN_UNINITIALIZED_AUTOS = YES_AGGRESSIVE;
				GCC_WARN_UNUSED_FUNCTION = YES;
				GCC_WARN_UNUSED_VARIABLE = YES;
				MTL_ENABLE_DEBUG_INFO = INCLUDE_SOURCE;
				MTL_FAST_MATH = YES;
				ONLY_ACTIVE_ARCH = YES;
				SHARED_VERSION_NUMBER = 1.1.1;
				SWIFT_ACTIVE_COMPILATION_CONDITIONS = DEBUG;
				SWIFT_OPTIMIZATION_LEVEL = "-Onone";
			};
			name = Debug;
		};
		0805D3DE2A4F375300261EFE /* Release */ = {
			isa = XCBuildConfiguration;
			baseConfigurationReference = 08A5879B2AB63C9000BA4BE9 /* Config.xcconfig */;
			buildSettings = {
				ALWAYS_SEARCH_USER_PATHS = NO;
				ASSETCATALOG_COMPILER_GENERATE_SWIFT_ASSET_SYMBOL_EXTENSIONS = YES;
				CLANG_ANALYZER_NONNULL = YES;
				CLANG_ANALYZER_NUMBER_OBJECT_CONVERSION = YES_AGGRESSIVE;
				CLANG_CXX_LANGUAGE_STANDARD = "gnu++20";
				CLANG_ENABLE_MODULES = YES;
				CLANG_ENABLE_OBJC_ARC = YES;
				CLANG_ENABLE_OBJC_WEAK = YES;
				CLANG_WARN_BLOCK_CAPTURE_AUTORELEASING = YES;
				CLANG_WARN_BOOL_CONVERSION = YES;
				CLANG_WARN_COMMA = YES;
				CLANG_WARN_CONSTANT_CONVERSION = YES;
				CLANG_WARN_DEPRECATED_OBJC_IMPLEMENTATIONS = YES;
				CLANG_WARN_DIRECT_OBJC_ISA_USAGE = YES_ERROR;
				CLANG_WARN_DOCUMENTATION_COMMENTS = YES;
				CLANG_WARN_EMPTY_BODY = YES;
				CLANG_WARN_ENUM_CONVERSION = YES;
				CLANG_WARN_INFINITE_RECURSION = YES;
				CLANG_WARN_INT_CONVERSION = YES;
				CLANG_WARN_NON_LITERAL_NULL_CONVERSION = YES;
				CLANG_WARN_OBJC_IMPLICIT_RETAIN_SELF = YES;
				CLANG_WARN_OBJC_LITERAL_CONVERSION = YES;
				CLANG_WARN_OBJC_ROOT_CLASS = YES_ERROR;
				CLANG_WARN_QUOTED_INCLUDE_IN_FRAMEWORK_HEADER = YES;
				CLANG_WARN_RANGE_LOOP_ANALYSIS = YES;
				CLANG_WARN_STRICT_PROTOTYPES = YES;
				CLANG_WARN_SUSPICIOUS_MOVE = YES;
				CLANG_WARN_UNGUARDED_AVAILABILITY = YES_AGGRESSIVE;
				CLANG_WARN_UNREACHABLE_CODE = YES;
				CLANG_WARN__DUPLICATE_METHOD_MATCH = YES;
				COPY_PHASE_STRIP = NO;
				DEAD_CODE_STRIPPING = YES;
				DEBUG_INFORMATION_FORMAT = "dwarf-with-dsym";
				ENABLE_NS_ASSERTIONS = NO;
				ENABLE_STRICT_OBJC_MSGSEND = YES;
				ENABLE_USER_SCRIPT_SANDBOXING = YES;
				GCC_C_LANGUAGE_STANDARD = gnu11;
				GCC_NO_COMMON_BLOCKS = YES;
				GCC_WARN_64_TO_32_BIT_CONVERSION = YES;
				GCC_WARN_ABOUT_RETURN_TYPE = YES_ERROR;
				GCC_WARN_UNDECLARED_SELECTOR = YES;
				GCC_WARN_UNINITIALIZED_AUTOS = YES_AGGRESSIVE;
				GCC_WARN_UNUSED_FUNCTION = YES;
				GCC_WARN_UNUSED_VARIABLE = YES;
				MTL_ENABLE_DEBUG_INFO = NO;
				MTL_FAST_MATH = YES;
				SHARED_VERSION_NUMBER = 1.1.1;
				SWIFT_COMPILATION_MODE = wholemodule;
				SWIFT_OPTIMIZATION_LEVEL = "-O";
			};
			name = Release;
		};
		0805D3E02A4F375300261EFE /* Debug */ = {
			isa = XCBuildConfiguration;
			baseConfigurationReference = 08A5879B2AB63C9000BA4BE9 /* Config.xcconfig */;
			buildSettings = {
				ALWAYS_EMBED_SWIFT_STANDARD_LIBRARIES = YES;
				ASSETCATALOG_COMPILER_APPICON_NAME = AppIcon;
				ASSETCATALOG_COMPILER_GLOBAL_ACCENT_COLOR_NAME = AccentColor;
				CODE_SIGN_ENTITLEMENTS = yekaterinburg/yekaterinburg.entitlements;
				CODE_SIGN_STYLE = Automatic;
				CURRENT_PROJECT_VERSION = 1;
				DEAD_CODE_STRIPPING = YES;
				DEVELOPMENT_ASSET_PATHS = "\"yekaterinburg/Preview Content\"";
				DEVELOPMENT_TEAM = 3865YC2YEY;
				ENABLE_HARDENED_RUNTIME = YES;
				ENABLE_PREVIEWS = YES;
				GENERATE_INFOPLIST_FILE = YES;
				INFOPLIST_FILE = yekaterinburg/Info.plist;
				INFOPLIST_KEY_CFBundleDisplayName = Ye;
				INFOPLIST_KEY_LSApplicationCategoryType = "public.app-category.sports";
				"INFOPLIST_KEY_UIApplicationSceneManifest_Generation[sdk=iphoneos*]" = YES;
				"INFOPLIST_KEY_UIApplicationSceneManifest_Generation[sdk=iphonesimulator*]" = YES;
				"INFOPLIST_KEY_UIApplicationSupportsIndirectInputEvents[sdk=iphoneos*]" = YES;
				"INFOPLIST_KEY_UIApplicationSupportsIndirectInputEvents[sdk=iphonesimulator*]" = YES;
				"INFOPLIST_KEY_UILaunchScreen_Generation[sdk=iphoneos*]" = YES;
				"INFOPLIST_KEY_UILaunchScreen_Generation[sdk=iphonesimulator*]" = YES;
				"INFOPLIST_KEY_UIStatusBarStyle[sdk=iphoneos*]" = UIStatusBarStyleDefault;
				"INFOPLIST_KEY_UIStatusBarStyle[sdk=iphonesimulator*]" = UIStatusBarStyleDefault;
				INFOPLIST_KEY_UISupportedInterfaceOrientations_iPad = "UIInterfaceOrientationPortrait UIInterfaceOrientationPortraitUpsideDown UIInterfaceOrientationLandscapeLeft UIInterfaceOrientationLandscapeRight";
				INFOPLIST_KEY_UISupportedInterfaceOrientations_iPhone = "UIInterfaceOrientationPortrait UIInterfaceOrientationLandscapeLeft UIInterfaceOrientationLandscapeRight";
				IPHONEOS_DEPLOYMENT_TARGET = 17.0;
				LD_RUNPATH_SEARCH_PATHS = "@executable_path/Frameworks";
				"LD_RUNPATH_SEARCH_PATHS[sdk=macosx*]" = "@executable_path/../Frameworks";
				MACOSX_DEPLOYMENT_TARGET = 14.0;
				MARKETING_VERSION = 1.0.1;
				PRODUCT_BUNDLE_IDENTIFIER = com.alexanderrohrig.yekaterinburg;
				PRODUCT_NAME = "$(TARGET_NAME)";
				SDKROOT = auto;
				SUPPORTED_PLATFORMS = "iphoneos iphonesimulator macosx";
				SUPPORTS_MACCATALYST = NO;
				SWIFT_EMIT_LOC_STRINGS = YES;
				SWIFT_VERSION = 5.0;
				TARGETED_DEVICE_FAMILY = "1,2";
				VERSIONING_SYSTEM = "apple-generic";
			};
			name = Debug;
		};
		0805D3E12A4F375300261EFE /* Release */ = {
			isa = XCBuildConfiguration;
			baseConfigurationReference = 08A5879B2AB63C9000BA4BE9 /* Config.xcconfig */;
			buildSettings = {
				ALWAYS_EMBED_SWIFT_STANDARD_LIBRARIES = YES;
				ASSETCATALOG_COMPILER_APPICON_NAME = AppIcon;
				ASSETCATALOG_COMPILER_GLOBAL_ACCENT_COLOR_NAME = AccentColor;
				CODE_SIGN_ENTITLEMENTS = yekaterinburg/yekaterinburg.entitlements;
				CODE_SIGN_STYLE = Automatic;
				CURRENT_PROJECT_VERSION = 1;
				DEAD_CODE_STRIPPING = YES;
				DEVELOPMENT_ASSET_PATHS = "\"yekaterinburg/Preview Content\"";
				DEVELOPMENT_TEAM = 3865YC2YEY;
				ENABLE_HARDENED_RUNTIME = YES;
				ENABLE_PREVIEWS = YES;
				GENERATE_INFOPLIST_FILE = YES;
				INFOPLIST_FILE = yekaterinburg/Info.plist;
				INFOPLIST_KEY_CFBundleDisplayName = Ye;
				INFOPLIST_KEY_LSApplicationCategoryType = "public.app-category.sports";
				"INFOPLIST_KEY_UIApplicationSceneManifest_Generation[sdk=iphoneos*]" = YES;
				"INFOPLIST_KEY_UIApplicationSceneManifest_Generation[sdk=iphonesimulator*]" = YES;
				"INFOPLIST_KEY_UIApplicationSupportsIndirectInputEvents[sdk=iphoneos*]" = YES;
				"INFOPLIST_KEY_UIApplicationSupportsIndirectInputEvents[sdk=iphonesimulator*]" = YES;
				"INFOPLIST_KEY_UILaunchScreen_Generation[sdk=iphoneos*]" = YES;
				"INFOPLIST_KEY_UILaunchScreen_Generation[sdk=iphonesimulator*]" = YES;
				"INFOPLIST_KEY_UIStatusBarStyle[sdk=iphoneos*]" = UIStatusBarStyleDefault;
				"INFOPLIST_KEY_UIStatusBarStyle[sdk=iphonesimulator*]" = UIStatusBarStyleDefault;
				INFOPLIST_KEY_UISupportedInterfaceOrientations_iPad = "UIInterfaceOrientationPortrait UIInterfaceOrientationPortraitUpsideDown UIInterfaceOrientationLandscapeLeft UIInterfaceOrientationLandscapeRight";
				INFOPLIST_KEY_UISupportedInterfaceOrientations_iPhone = "UIInterfaceOrientationPortrait UIInterfaceOrientationLandscapeLeft UIInterfaceOrientationLandscapeRight";
				IPHONEOS_DEPLOYMENT_TARGET = 17.0;
				LD_RUNPATH_SEARCH_PATHS = "@executable_path/Frameworks";
				"LD_RUNPATH_SEARCH_PATHS[sdk=macosx*]" = "@executable_path/../Frameworks";
				MACOSX_DEPLOYMENT_TARGET = 14.0;
				MARKETING_VERSION = 1.0.1;
				PRODUCT_BUNDLE_IDENTIFIER = com.alexanderrohrig.yekaterinburg;
				PRODUCT_NAME = "$(TARGET_NAME)";
				SDKROOT = auto;
				SUPPORTED_PLATFORMS = "iphoneos iphonesimulator macosx";
				SUPPORTS_MACCATALYST = NO;
				SWIFT_EMIT_LOC_STRINGS = YES;
				SWIFT_VERSION = 5.0;
				TARGETED_DEVICE_FAMILY = "1,2";
				VERSIONING_SYSTEM = "apple-generic";
			};
			name = Release;
		};
		08AFEC4C2B81824A0028A39A /* Debug */ = {
			isa = XCBuildConfiguration;
			baseConfigurationReference = 08A5879B2AB63C9000BA4BE9 /* Config.xcconfig */;
			buildSettings = {
				ASSETCATALOG_COMPILER_APPICON_NAME = "App Icon & Top Shelf Image";
				ASSETCATALOG_COMPILER_GLOBAL_ACCENT_COLOR_NAME = AccentColor;
				CODE_SIGN_STYLE = Automatic;
				CURRENT_PROJECT_VERSION = 3;
				DEVELOPMENT_ASSET_PATHS = "\"tvOS/YekaterinburgTV/Preview Content\"";
				DEVELOPMENT_TEAM = 3865YC2YEY;
				ENABLE_PREVIEWS = YES;
				GCC_C_LANGUAGE_STANDARD = gnu17;
				GENERATE_INFOPLIST_FILE = YES;
				INFOPLIST_KEY_CFBundleDisplayName = Yekaterinburg;
				INFOPLIST_KEY_LSApplicationCategoryType = "public.app-category.sports";
				INFOPLIST_KEY_UILaunchScreen_Generation = YES;
				INFOPLIST_KEY_UIUserInterfaceStyle = Automatic;
				LD_RUNPATH_SEARCH_PATHS = (
					"$(inherited)",
					"@executable_path/Frameworks",
				);
				LOCALIZATION_PREFERS_STRING_CATALOGS = YES;
				MARKETING_VERSION = 1.0;
				PRODUCT_BUNDLE_IDENTIFIER = com.alexanderrohrig.YekaterinburgTV;
				PRODUCT_NAME = "$(TARGET_NAME)";
				SDKROOT = appletvos;
				SWIFT_ACTIVE_COMPILATION_CONDITIONS = "DEBUG $(inherited)";
				SWIFT_EMIT_LOC_STRINGS = YES;
				SWIFT_VERSION = 5.0;
				TARGETED_DEVICE_FAMILY = 3;
				TVOS_DEPLOYMENT_TARGET = 17.2;
			};
			name = Debug;
		};
		08AFEC4D2B81824A0028A39A /* Release */ = {
			isa = XCBuildConfiguration;
			baseConfigurationReference = 08A5879B2AB63C9000BA4BE9 /* Config.xcconfig */;
			buildSettings = {
				ASSETCATALOG_COMPILER_APPICON_NAME = "App Icon & Top Shelf Image";
				ASSETCATALOG_COMPILER_GLOBAL_ACCENT_COLOR_NAME = AccentColor;
				CODE_SIGN_STYLE = Automatic;
				CURRENT_PROJECT_VERSION = 3;
				DEVELOPMENT_ASSET_PATHS = "\"tvOS/YekaterinburgTV/Preview Content\"";
				DEVELOPMENT_TEAM = 3865YC2YEY;
				ENABLE_PREVIEWS = YES;
				GCC_C_LANGUAGE_STANDARD = gnu17;
				GENERATE_INFOPLIST_FILE = YES;
				INFOPLIST_KEY_CFBundleDisplayName = Yekaterinburg;
				INFOPLIST_KEY_LSApplicationCategoryType = "public.app-category.sports";
				INFOPLIST_KEY_UILaunchScreen_Generation = YES;
				INFOPLIST_KEY_UIUserInterfaceStyle = Automatic;
				LD_RUNPATH_SEARCH_PATHS = (
					"$(inherited)",
					"@executable_path/Frameworks",
				);
				LOCALIZATION_PREFERS_STRING_CATALOGS = YES;
				MARKETING_VERSION = 1.0;
				PRODUCT_BUNDLE_IDENTIFIER = com.alexanderrohrig.YekaterinburgTV;
				PRODUCT_NAME = "$(TARGET_NAME)";
				SDKROOT = appletvos;
				SWIFT_EMIT_LOC_STRINGS = YES;
				SWIFT_VERSION = 5.0;
				TARGETED_DEVICE_FAMILY = 3;
				TVOS_DEPLOYMENT_TARGET = 17.2;
				VALIDATE_PRODUCT = YES;
			};
			name = Release;
		};
		08D499C62BD852570091597F /* Debug */ = {
			isa = XCBuildConfiguration;
			buildSettings = {
				BUNDLE_LOADER = "$(TEST_HOST)";
				CODE_SIGN_STYLE = Automatic;
				CURRENT_PROJECT_VERSION = 1;
				DEVELOPMENT_TEAM = 3865YC2YEY;
				GCC_C_LANGUAGE_STANDARD = gnu17;
				GENERATE_INFOPLIST_FILE = YES;
				LOCALIZATION_PREFERS_STRING_CATALOGS = YES;
				MACOSX_DEPLOYMENT_TARGET = 14.4;
				MARKETING_VERSION = 1.0;
				PRODUCT_BUNDLE_IDENTIFIER = com.alexanderrohrig.YeTests;
				PRODUCT_NAME = "$(TARGET_NAME)";
				SDKROOT = macosx;
				SWIFT_ACTIVE_COMPILATION_CONDITIONS = "DEBUG $(inherited)";
				SWIFT_EMIT_LOC_STRINGS = NO;
				SWIFT_VERSION = 5.0;
				TEST_HOST = "$(BUILT_PRODUCTS_DIR)/yekaterinburg.app/$(BUNDLE_EXECUTABLE_FOLDER_PATH)/yekaterinburg";
			};
			name = Debug;
		};
		08D499C72BD852570091597F /* Release */ = {
			isa = XCBuildConfiguration;
			buildSettings = {
				BUNDLE_LOADER = "$(TEST_HOST)";
				CODE_SIGN_STYLE = Automatic;
				CURRENT_PROJECT_VERSION = 1;
				DEVELOPMENT_TEAM = 3865YC2YEY;
				GCC_C_LANGUAGE_STANDARD = gnu17;
				GENERATE_INFOPLIST_FILE = YES;
				LOCALIZATION_PREFERS_STRING_CATALOGS = YES;
				MACOSX_DEPLOYMENT_TARGET = 14.4;
				MARKETING_VERSION = 1.0;
				PRODUCT_BUNDLE_IDENTIFIER = com.alexanderrohrig.YeTests;
				PRODUCT_NAME = "$(TARGET_NAME)";
				SDKROOT = macosx;
				SWIFT_EMIT_LOC_STRINGS = NO;
				SWIFT_VERSION = 5.0;
				TEST_HOST = "$(BUILT_PRODUCTS_DIR)/yekaterinburg.app/$(BUNDLE_EXECUTABLE_FOLDER_PATH)/yekaterinburg";
			};
			name = Release;
		};
/* End XCBuildConfiguration section */

/* Begin XCConfigurationList section */
		0805D3CB2A4F375100261EFE /* Build configuration list for PBXProject "yekaterinburg" */ = {
			isa = XCConfigurationList;
			buildConfigurations = (
				0805D3DD2A4F375300261EFE /* Debug */,
				0805D3DE2A4F375300261EFE /* Release */,
			);
			defaultConfigurationIsVisible = 0;
			defaultConfigurationName = Release;
		};
		0805D3DF2A4F375300261EFE /* Build configuration list for PBXNativeTarget "yekaterinburg" */ = {
			isa = XCConfigurationList;
			buildConfigurations = (
				0805D3E02A4F375300261EFE /* Debug */,
				0805D3E12A4F375300261EFE /* Release */,
			);
			defaultConfigurationIsVisible = 0;
			defaultConfigurationName = Release;
		};
		08AFEC4B2B81824A0028A39A /* Build configuration list for PBXNativeTarget "YekaterinburgTV" */ = {
			isa = XCConfigurationList;
			buildConfigurations = (
				08AFEC4C2B81824A0028A39A /* Debug */,
				08AFEC4D2B81824A0028A39A /* Release */,
			);
			defaultConfigurationIsVisible = 0;
			defaultConfigurationName = Release;
		};
		08D499C52BD852570091597F /* Build configuration list for PBXNativeTarget "YeTests" */ = {
			isa = XCConfigurationList;
			buildConfigurations = (
				08D499C62BD852570091597F /* Debug */,
				08D499C72BD852570091597F /* Release */,
			);
			defaultConfigurationIsVisible = 0;
			defaultConfigurationName = Release;
		};
/* End XCConfigurationList section */
	};
	rootObject = 0805D3C82A4F375100261EFE /* Project object */;
}
